// !$*UTF8*$!
{
	archiveVersion = 1;
	classes = {
	};
	objectVersion = 50;
	objects = {

/* Begin PBXBuildFile section */
		C2B0A58426FDA6CA00CC0B67 /* MyNonConcurrentOperation.m in Sources */ = {isa = PBXBuildFile; fileRef = C2B0A58326FDA6CA00CC0B67 /* MyNonConcurrentOperation.m */; };
		C2B0A58726FDA6FE00CC0B67 /* MyConcurrentOperation.m in Sources */ = {isa = PBXBuildFile; fileRef = C2B0A58626FDA6FE00CC0B67 /* MyConcurrentOperation.m */; };
		C2FCECCD222E576E003566B9 /* main.m in Sources */ = {isa = PBXBuildFile; fileRef = C2FCECCC222E576E003566B9 /* main.m */; };
/* End PBXBuildFile section */

/* Begin PBXCopyFilesBuildPhase section */
		C2FCECC7222E576E003566B9 /* CopyFiles */ = {
			isa = PBXCopyFilesBuildPhase;
			buildActionMask = 2147483647;
			dstPath = /usr/share/man/man1/;
			dstSubfolderSpec = 0;
			files = (
			);
			runOnlyForDeploymentPostprocessing = 1;
		};
/* End PBXCopyFilesBuildPhase section */

/* Begin PBXFileReference section */
		C2B0A58226FDA6CA00CC0B67 /* MyNonConcurrentOperation.h */ = {isa = PBXFileReference; lastKnownFileType = sourcecode.c.h; path = MyNonConcurrentOperation.h; sourceTree = "<group>"; };
		C2B0A58326FDA6CA00CC0B67 /* MyNonConcurrentOperation.m */ = {isa = PBXFileReference; lastKnownFileType = sourcecode.c.objc; path = MyNonConcurrentOperation.m; sourceTree = "<group>"; };
		C2B0A58526FDA6FE00CC0B67 /* MyConcurrentOperation.h */ = {isa = PBXFileReference; lastKnownFileType = sourcecode.c.h; path = MyConcurrentOperation.h; sourceTree = "<group>"; };
		C2B0A58626FDA6FE00CC0B67 /* MyConcurrentOperation.m */ = {isa = PBXFileReference; lastKnownFileType = sourcecode.c.objc; path = MyConcurrentOperation.m; sourceTree = "<group>"; };
		C2FCECC9222E576E003566B9 /* iOSConcurrentDemo */ = {isa = PBXFileReference; explicitFileType = "compiled.mach-o.executable"; includeInIndex = 0; path = iOSConcurrentDemo; sourceTree = BUILT_PRODUCTS_DIR; };
		C2FCECCC222E576E003566B9 /* main.m */ = {isa = PBXFileReference; lastKnownFileType = sourcecode.c.objc; path = main.m; sourceTree = "<group>"; };
/* End PBXFileReference section */

/* Begin PBXFrameworksBuildPhase section */
		C2FCECC6222E576E003566B9 /* Frameworks */ = {
			isa = PBXFrameworksBuildPhase;
			buildActionMask = 2147483647;
			files = (
			);
			runOnlyForDeploymentPostprocessing = 0;
		};
/* End PBXFrameworksBuildPhase section */

/* Begin PBXGroup section */
		C2FCECC0222E576E003566B9 = {
			isa = PBXGroup;
			children = (
				C2FCECCB222E576E003566B9 /* iOSConcurrentDemo */,
				C2FCECCA222E576E003566B9 /* Products */,
			);
			sourceTree = "<group>";
		};
		C2FCECCA222E576E003566B9 /* Products */ = {
			isa = PBXGroup;
			children = (
				C2FCECC9222E576E003566B9 /* iOSConcurrentDemo */,
			);
			name = Products;
			sourceTree = "<group>";
		};
		C2FCECCB222E576E003566B9 /* iOSConcurrentDemo */ = {
			isa = PBXGroup;
			children = (
				C2FCECCC222E576E003566B9 /* main.m */,
				C2B0A58526FDA6FE00CC0B67 /* MyConcurrentOperation.h */,
				C2B0A58626FDA6FE00CC0B67 /* MyConcurrentOperation.m */,
				C2B0A58226FDA6CA00CC0B67 /* MyNonConcurrentOperation.h */,
				C2B0A58326FDA6CA00CC0B67 /* MyNonConcurrentOperation.m */,
			);
			path = iOSConcurrentDemo;
			sourceTree = "<group>";
		};
/* End PBXGroup section */

/* Begin PBXNativeTarget section */
		C2FCECC8222E576E003566B9 /* iOSConcurrentDemo */ = {
			isa = PBXNativeTarget;
			buildConfigurationList = C2FCECD0222E576E003566B9 /* Build configuration list for PBXNativeTarget "iOSConcurrentDemo" */;
			buildPhases = (
				C2FCECC5222E576E003566B9 /* Sources */,
				C2FCECC6222E576E003566B9 /* Frameworks */,
				C2FCECC7222E576E003566B9 /* CopyFiles */,
			);
			buildRules = (
			);
			dependencies = (
			);
			name = iOSConcurrentDemo;
			productName = iOSConcurrentDemo;
			productReference = C2FCECC9222E576E003566B9 /* iOSConcurrentDemo */;
			productType = "com.apple.product-type.tool";
		};
/* End PBXNativeTarget section */

/* Begin PBXProject section */
		C2FCECC1222E576E003566B9 /* Project object */ = {
			isa = PBXProject;
			attributes = {
				LastUpgradeCheck = 1010;
				ORGANIZATIONNAME = "TEG of Tencent";
				TargetAttributes = {
					C2FCECC8222E576E003566B9 = {
						CreatedOnToolsVersion = 10.1;
					};
				};
			};
			buildConfigurationList = C2FCECC4222E576E003566B9 /* Build configuration list for PBXProject "iOSConcurrentDemo" */;
			compatibilityVersion = "Xcode 9.3";
			developmentRegion = en;
			hasScannedForEncodings = 0;
			knownRegions = (
				en,
			);
			mainGroup = C2FCECC0222E576E003566B9;
			productRefGroup = C2FCECCA222E576E003566B9 /* Products */;
			projectDirPath = "";
			projectRoot = "";
			targets = (
				C2FCECC8222E576E003566B9 /* iOSConcurrentDemo */,
			);
		};
/* End PBXProject section */

/* Begin PBXSourcesBuildPhase section */
		C2FCECC5222E576E003566B9 /* Sources */ = {
			isa = PBXSourcesBuildPhase;
			buildActionMask = 2147483647;
			files = (
				C2B0A58726FDA6FE00CC0B67 /* MyConcurrentOperation.m in Sources */,
				C2B0A58426FDA6CA00CC0B67 /* MyNonConcurrentOperation.m in Sources */,
				C2FCECCD222E576E003566B9 /* main.m in Sources */,
			);
			runOnlyForDeploymentPostprocessing = 0;
		};
/* End PBXSourcesBuildPhase section */

/* Begin XCBuildConfiguration section */
		C2FCECCE222E576E003566B9 /* Debug */ = {
			isa = XCBuildConfiguration;
			buildSettings = {
				ALWAYS_SEARCH_USER_PATHS = NO;
				CLANG_ANALYZER_NONNULL = YES;
				CLANG_ANALYZER_NUMBER_OBJECT_CONVERSION = YES_AGGRESSIVE;
				CLANG_CXX_LANGUAGE_STANDARD = "gnu++14";
				CLANG_CXX_LIBRARY = "libc++";
				CLANG_ENABLE_MODULES = YES;
				CLANG_ENABLE_OBJC_ARC = YES;
				CLANG_ENABLE_OBJC_WEAK = YES;
				CLANG_WARN_BLOCK_CAPTURE_AUTORELEASING = YES;
				CLANG_WARN_BOOL_CONVERSION = YES;
				CLANG_WARN_COMMA = YES;
				CLANG_WARN_CONSTANT_CONVERSION = YES;
				CLANG_WARN_DEPRECATED_OBJC_IMPLEMENTATIONS = YES;
				CLANG_WARN_DIRECT_OBJC_ISA_USAGE = YES_ERROR;
				CLANG_WARN_DOCUMENTATION_COMMENTS = YES;
				CLANG_WARN_EMPTY_BODY = YES;
				CLANG_WARN_ENUM_CONVERSION = YES;
				CLANG_WARN_INFINITE_RECURSION = YES;
				CLANG_WARN_INT_CONVERSION = YES;
				CLANG_WARN_NON_LITERAL_NULL_CONVERSION = YES;
				CLANG_WARN_OBJC_IMPLICIT_RETAIN_SELF = YES;
				CLANG_WARN_OBJC_LITERAL_CONVERSION = YES;
				CLANG_WARN_OBJC_ROOT_CLASS = YES_ERROR;
				CLANG_WARN_RANGE_LOOP_ANALYSIS = YES;
				CLANG_WARN_STRICT_PROTOTYPES = YES;
				CLANG_WARN_SUSPICIOUS_MOVE = YES;
				CLANG_WARN_UNGUARDED_AVAILABILITY = YES_AGGRESSIVE;
				CLANG_WARN_UNREACHABLE_CODE = YES;
				CLANG_WARN__DUPLICATE_METHOD_MATCH = YES;
				CODE_SIGN_IDENTITY = "-";
				COPY_PHASE_STRIP = NO;
				DEBUG_INFORMATION_FORMAT = dwarf;
				ENABLE_STRICT_OBJC_MSGSEND = YES;
				ENABLE_TESTABILITY = YES;
				GCC_C_LANGUAGE_STANDARD = gnu11;
				GCC_DYNAMIC_NO_PIC = NO;
				GCC_NO_COMMON_BLOCKS = YES;
				GCC_OPTIMIZATION_LEVEL = 0;
				GCC_PREPROCESSOR_DEFINITIONS = (
					"DEBUG=1",
					"$(inherited)",
				);
				GCC_WARN_64_TO_32_BIT_CONVERSION = YES;
				GCC_WARN_ABOUT_RETURN_TYPE = YES_ERROR;
				GCC_WARN_UNDECLARED_SELECTOR = YES;
				GCC_WARN_UNINITIALIZED_AUTOS = YES_AGGRESSIVE;
				GCC_WARN_UNUSED_FUNCTION = YES;
				GCC_WARN_UNUSED_VARIABLE = YES;
				MACOSX_DEPLOYMENT_TARGET = 10.14;
				MTL_ENABLE_DEBUG_INFO = INCLUDE_SOURCE;
				MTL_FAST_MATH = YES;
				ONLY_ACTIVE_ARCH = YES;
				SDKROOT = macosx;
			};
			name = Debug;
		};
		C2FCECCF222E576E003566B9 /* Release */ = {
			isa = XCBuildConfiguration;
			buildSettings = {
				ALWAYS_SEARCH_USER_PATHS = NO;
				CLANG_ANALYZER_NONNULL = YES;
				CLANG_ANALYZER_NUMBER_OBJECT_CONVERSION = YES_AGGRESSIVE;
				CLANG_CXX_LANGUAGE_STANDARD = "gnu++14";
				CLANG_CXX_LIBRARY = "libc++";
				CLANG_ENABLE_MODULES = YES;
				CLANG_ENABLE_OBJC_ARC = YES;
				CLANG_ENABLE_OBJC_WEAK = YES;
				CLANG_WARN_BLOCK_CAPTURE_AUTORELEASING = YES;
				CLANG_WARN_BOOL_CONVERSION = YES;
				CLANG_WARN_COMMA = YES;
				CLANG_WARN_CONSTANT_CONVERSION = YES;
				CLANG_WARN_DEPRECATED_OBJC_IMPLEMENTATIONS = YES;
				CLANG_WARN_DIRECT_OBJC_ISA_USAGE = YES_ERROR;
				CLANG_WARN_DOCUMENTATION_COMMENTS = YES;
				CLANG_WARN_EMPTY_BODY = YES;
				CLANG_WARN_ENUM_CONVERSION = YES;
				CLANG_WARN_INFINITE_RECURSION = YES;
				CLANG_WARN_INT_CONVERSION = YES;
				CLANG_WARN_NON_LITERAL_NULL_CONVERSION = YES;
				CLANG_WARN_OBJC_IMPLICIT_RETAIN_SELF = YES;
				CLANG_WARN_OBJC_LITERAL_CONVERSION = YES;
				CLANG_WARN_OBJC_ROOT_CLASS = YES_ERROR;
				CLANG_WARN_RANGE_LOOP_ANALYSIS = YES;
				CLANG_WARN_STRICT_PROTOTYPES = YES;
				CLANG_WARN_SUSPICIOUS_MOVE = YES;
				CLANG_WARN_UNGUARDED_AVAILABILITY = YES_AGGRESSIVE;
				CLANG_WARN_UNREACHABLE_CODE = YES;
				CLANG_WARN__DUPLICATE_METHOD_MATCH = YES;
				CODE_SIGN_IDENTITY = "-";
				COPY_PHASE_STRIP = NO;
				DEBUG_INFORMATION_FORMAT = "dwarf-with-dsym";
				ENABLE_NS_ASSERTIONS = NO;
				ENABLE_STRICT_OBJC_MSGSEND = YES;
				GCC_C_LANGUAGE_STANDARD = gnu11;
				GCC_NO_COMMON_BLOCKS = YES;
				GCC_WARN_64_TO_32_BIT_CONVERSION = YES;
				GCC_WARN_ABOUT_RETURN_TYPE = YES_ERROR;
				GCC_WARN_UNDECLARED_SELECTOR = YES;
				GCC_WARN_UNINITIALIZED_AUTOS = YES_AGGRESSIVE;
				GCC_WARN_UNUSED_FUNCTION = YES;
				GCC_WARN_UNUSED_VARIABLE = YES;
				MACOSX_DEPLOYMENT_TARGET = 10.14;
				MTL_ENABLE_DEBUG_INFO = NO;
				MTL_FAST_MATH = YES;
				SDKROOT = macosx;
			};
			name = Release;
		};
		C2FCECD1222E576E003566B9 /* Debug */ = {
			isa = XCBuildConfiguration;
			buildSettings = {
				CODE_SIGN_STYLE = Manual;
				DEVELOPMENT_TEAM = "";
				PRODUCT_NAME = "$(TARGET_NAME)";
				PROVISIONING_PROFILE_SPECIFIER = "";
			};
			name = Debug;
		};
		C2FCECD2222E576E003566B9 /* Release */ = {
			isa = XCBuildConfiguration;
			buildSettings = {
				CODE_SIGN_STYLE = Manual;
				DEVELOPMENT_TEAM = "";
				PRODUCT_NAME = "$(TARGET_NAME)";
				PROVISIONING_PROFILE_SPECIFIER = "";
			};
			name = Release;
		};
/* End XCBuildConfiguration section */

/* Begin XCConfigurationList section */
		C2FCECC4222E576E003566B9 /* Build configuration list for PBXProject "iOSConcurrentDemo" */ = {
			isa = XCConfigurationList;
			buildConfigurations = (
				C2FCECCE222E576E003566B9 /* Debug */,
				C2FCECCF222E576E003566B9 /* Release */,
			);
			defaultConfigurationIsVisible = 0;
			defaultConfigurationName = Release;
		};
		C2FCECD0222E576E003566B9 /* Build configuration list for PBXNativeTarget "iOSConcurrentDemo" */ = {
			isa = XCConfigurationList;
			buildConfigurations = (
				C2FCECD1222E576E003566B9 /* Debug */,
				C2FCECD2222E576E003566B9 /* Release */,
			);
			defaultConfigurationIsVisible = 0;
			defaultConfigurationName = Release;
		};
/* End XCConfigurationList section */
	};
	rootObject = C2FCECC1222E576E003566B9 /* Project object */;
}
