// !$*UTF8*$!
{
	archiveVersion = 1;
	classes = {
	};
	objectVersion = 46;
	objects = {

/* Begin PBXBuildFile section */
		C22BFD8625E4DEED0020C2FC /* Opaque.swift in Sources */ = {isa = PBXBuildFile; fileRef = C22BFD8525E4DEED0020C2FC /* Opaque.swift */; };
		C22BFD8925E4FCCD0020C2FC /* ARC.swift in Sources */ = {isa = PBXBuildFile; fileRef = C22BFD8825E4FCCD0020C2FC /* ARC.swift */; };
		C2313F7222754AB600F2DEBF /* types.swift in Sources */ = {isa = PBXBuildFile; fileRef = C2313F7122754AB600F2DEBF /* types.swift */; };
		C2313F75227557AD00F2DEBF /* SwiftFunctions.swift in Sources */ = {isa = PBXBuildFile; fileRef = C2313F74227557AD00F2DEBF /* SwiftFunctions.swift */; };
		C243A6701D90D4A500DF7851 /* File.swift in Sources */ = {isa = PBXBuildFile; fileRef = C243A66F1D90D4A500DF7851 /* File.swift */; };
		C264E66E1EF91DC90067BA7A /* PredicateDemo.swift in Sources */ = {isa = PBXBuildFile; fileRef = C264E66D1EF91DC90067BA7A /* PredicateDemo.swift */; };
		C264E6701EF91E4D0067BA7A /* Model.swift in Sources */ = {isa = PBXBuildFile; fileRef = C264E66F1EF91E4D0067BA7A /* Model.swift */; };
		C2AFEBC51BBA3E2500900151 /* main.swift in Sources */ = {isa = PBXBuildFile; fileRef = C2AFEBC41BBA3E2500900151 /* main.swift */; };
		C2CC834725B1253D0011AFED /* Closure.swift in Sources */ = {isa = PBXBuildFile; fileRef = C2CC834625B1253D0011AFED /* Closure.swift */; };
		C2CC834A25B125A90011AFED /* Generic.swift in Sources */ = {isa = PBXBuildFile; fileRef = C2CC834925B125A90011AFED /* Generic.swift */; };
		C2CC834D25B127330011AFED /* GCD.swift in Sources */ = {isa = PBXBuildFile; fileRef = C2CC834C25B127330011AFED /* GCD.swift */; };
		C2CC835025B127AF0011AFED /* Pointer.swift in Sources */ = {isa = PBXBuildFile; fileRef = C2CC834F25B127AF0011AFED /* Pointer.swift */; };
		C2CC835325B128200011AFED /* Error.swift in Sources */ = {isa = PBXBuildFile; fileRef = C2CC835225B128200011AFED /* Error.swift */; };
		C2CC835625B129E00011AFED /* Enum.swift in Sources */ = {isa = PBXBuildFile; fileRef = C2CC835525B129E00011AFED /* Enum.swift */; };
		C2CC835925B12AB40011AFED /* Utils.swift in Sources */ = {isa = PBXBuildFile; fileRef = C2CC835825B12AB40011AFED /* Utils.swift */; };
		C2CC835D25B13B770011AFED /* Tuple.swift in Sources */ = {isa = PBXBuildFile; fileRef = C2CC835C25B13B770011AFED /* Tuple.swift */; };
		C2CF16831DD40B5F00810D30 /* OCClass.m in Sources */ = {isa = PBXBuildFile; fileRef = C2CF16821DD40B5F00810D30 /* OCClass.m */; };
		C2CF16851DD44E5C00810D30 /* StringDemo.swift in Sources */ = {isa = PBXBuildFile; fileRef = C2CF16841DD44E5C00810D30 /* StringDemo.swift */; };
/* End PBXBuildFile section */

/* Begin PBXCopyFilesBuildPhase section */
		C2AFEBBF1BBA3E2500900151 /* CopyFiles */ = {
			isa = PBXCopyFilesBuildPhase;
			buildActionMask = 2147483647;
			dstPath = /usr/share/man/man1/;
			dstSubfolderSpec = 0;
			files = (
			);
			runOnlyForDeploymentPostprocessing = 1;
		};
/* End PBXCopyFilesBuildPhase section */

/* Begin PBXFileReference section */
		C22BFD8525E4DEED0020C2FC /* Opaque.swift */ = {isa = PBXFileReference; lastKnownFileType = sourcecode.swift; path = Opaque.swift; sourceTree = "<group>"; };
		C22BFD8825E4FCCD0020C2FC /* ARC.swift */ = {isa = PBXFileReference; lastKnownFileType = sourcecode.swift; path = ARC.swift; sourceTree = "<group>"; };
		C2313F7122754AB600F2DEBF /* types.swift */ = {isa = PBXFileReference; lastKnownFileType = sourcecode.swift; path = types.swift; sourceTree = "<group>"; };
		C2313F74227557AD00F2DEBF /* SwiftFunctions.swift */ = {isa = PBXFileReference; lastKnownFileType = sourcecode.swift; path = SwiftFunctions.swift; sourceTree = "<group>"; };
		C243A66F1D90D4A500DF7851 /* File.swift */ = {isa = PBXFileReference; fileEncoding = 4; lastKnownFileType = sourcecode.swift; path = File.swift; sourceTree = "<group>"; };
		C264E66D1EF91DC90067BA7A /* PredicateDemo.swift */ = {isa = PBXFileReference; fileEncoding = 4; lastKnownFileType = sourcecode.swift; path = PredicateDemo.swift; sourceTree = "<group>"; };
		C264E66F1EF91E4D0067BA7A /* Model.swift */ = {isa = PBXFileReference; fileEncoding = 4; lastKnownFileType = sourcecode.swift; path = Model.swift; sourceTree = "<group>"; };
		C2AFEBC11BBA3E2500900151 /* SwiftSyntexDemo */ = {isa = PBXFileReference; explicitFileType = "compiled.mach-o.executable"; includeInIndex = 0; path = SwiftSyntexDemo; sourceTree = BUILT_PRODUCTS_DIR; };
		C2AFEBC41BBA3E2500900151 /* main.swift */ = {isa = PBXFileReference; lastKnownFileType = sourcecode.swift; path = main.swift; sourceTree = "<group>"; };
		C2CC834625B1253D0011AFED /* Closure.swift */ = {isa = PBXFileReference; lastKnownFileType = sourcecode.swift; path = Closure.swift; sourceTree = "<group>"; };
		C2CC834925B125A90011AFED /* Generic.swift */ = {isa = PBXFileReference; lastKnownFileType = sourcecode.swift; path = Generic.swift; sourceTree = "<group>"; };
		C2CC834C25B127330011AFED /* GCD.swift */ = {isa = PBXFileReference; lastKnownFileType = sourcecode.swift; path = GCD.swift; sourceTree = "<group>"; };
		C2CC834F25B127AF0011AFED /* Pointer.swift */ = {isa = PBXFileReference; lastKnownFileType = sourcecode.swift; path = Pointer.swift; sourceTree = "<group>"; };
		C2CC835225B128200011AFED /* Error.swift */ = {isa = PBXFileReference; lastKnownFileType = sourcecode.swift; path = Error.swift; sourceTree = "<group>"; };
		C2CC835525B129E00011AFED /* Enum.swift */ = {isa = PBXFileReference; lastKnownFileType = sourcecode.swift; path = Enum.swift; sourceTree = "<group>"; };
		C2CC835825B12AB40011AFED /* Utils.swift */ = {isa = PBXFileReference; lastKnownFileType = sourcecode.swift; path = Utils.swift; sourceTree = "<group>"; };
		C2CC835C25B13B770011AFED /* Tuple.swift */ = {isa = PBXFileReference; lastKnownFileType = sourcecode.swift; path = Tuple.swift; sourceTree = "<group>"; };
		C2CF16811DD40B5F00810D30 /* OCClass.h */ = {isa = PBXFileReference; fileEncoding = 4; lastKnownFileType = sourcecode.c.h; path = OCClass.h; sourceTree = "<group>"; };
		C2CF16821DD40B5F00810D30 /* OCClass.m */ = {isa = PBXFileReference; fileEncoding = 4; lastKnownFileType = sourcecode.c.objc; path = OCClass.m; sourceTree = "<group>"; };
		C2CF16841DD44E5C00810D30 /* StringDemo.swift */ = {isa = PBXFileReference; fileEncoding = 4; lastKnownFileType = sourcecode.swift; path = StringDemo.swift; sourceTree = "<group>"; };
		C2E98E0D1D51E20A00D0EFF0 /* SwiftSyntexDemo-Bridging-Header.h */ = {isa = PBXFileReference; lastKnownFileType = sourcecode.c.h; path = "SwiftSyntexDemo-Bridging-Header.h"; sourceTree = "<group>"; };
		C2E98E501D51E63600D0EFF0 /* CryptoSwift.h */ = {isa = PBXFileReference; fileEncoding = 4; lastKnownFileType = sourcecode.c.h; path = CryptoSwift.h; sourceTree = "<group>"; };
/* End PBXFileReference section */

/* Begin PBXFrameworksBuildPhase section */
		C2AFEBBE1BBA3E2500900151 /* Frameworks */ = {
			isa = PBXFrameworksBuildPhase;
			buildActionMask = 2147483647;
			files = (
			);
			runOnlyForDeploymentPostprocessing = 0;
		};
/* End PBXFrameworksBuildPhase section */

/* Begin PBXGroup section */
		C2313F7022754A9A00F2DEBF /* Types */ = {
			isa = PBXGroup;
			children = (
				C2313F7122754AB600F2DEBF /* types.swift */,
			);
			path = Types;
			sourceTree = "<group>";
		};
		C2313F732275579700F2DEBF /* Functions */ = {
			isa = PBXGroup;
			children = (
				C2313F74227557AD00F2DEBF /* SwiftFunctions.swift */,
			);
			path = Functions;
			sourceTree = "<group>";
		};
		C2AFEBB81BBA3E2500900151 = {
			isa = PBXGroup;
			children = (
				C2AFEBC31BBA3E2500900151 /* SwiftSyntexDemo */,
				C2AFEBC21BBA3E2500900151 /* Products */,
			);
			sourceTree = "<group>";
		};
		C2AFEBC21BBA3E2500900151 /* Products */ = {
			isa = PBXGroup;
			children = (
				C2AFEBC11BBA3E2500900151 /* SwiftSyntexDemo */,
			);
			name = Products;
			sourceTree = "<group>";
		};
		C2AFEBC31BBA3E2500900151 /* SwiftSyntexDemo */ = {
			isa = PBXGroup;
			children = (
				C2313F732275579700F2DEBF /* Functions */,
				C2313F7022754A9A00F2DEBF /* Types */,
				C2E98E501D51E63600D0EFF0 /* CryptoSwift.h */,
				C2AFEBC41BBA3E2500900151 /* main.swift */,
				C2E98E0D1D51E20A00D0EFF0 /* SwiftSyntexDemo-Bridging-Header.h */,
				C243A66F1D90D4A500DF7851 /* File.swift */,
				C2CF16811DD40B5F00810D30 /* OCClass.h */,
				C2CF16821DD40B5F00810D30 /* OCClass.m */,
				C2CF16841DD44E5C00810D30 /* StringDemo.swift */,
				C264E66D1EF91DC90067BA7A /* PredicateDemo.swift */,
				C264E66F1EF91E4D0067BA7A /* Model.swift */,
				C2CC834625B1253D0011AFED /* Closure.swift */,
				C2CC834925B125A90011AFED /* Generic.swift */,
				C2CC834C25B127330011AFED /* GCD.swift */,
				C22BFD8525E4DEED0020C2FC /* Opaque.swift */,
				C2CC834F25B127AF0011AFED /* Pointer.swift */,
				C2CC835225B128200011AFED /* Error.swift */,
				C2CC835525B129E00011AFED /* Enum.swift */,
				C2CC835825B12AB40011AFED /* Utils.swift */,
				C2CC835C25B13B770011AFED /* Tuple.swift */,
				C22BFD8825E4FCCD0020C2FC /* ARC.swift */,
			);
			path = SwiftSyntexDemo;
			sourceTree = "<group>";
		};
/* End PBXGroup section */

/* Begin PBXNativeTarget section */
		C2AFEBC01BBA3E2500900151 /* SwiftSyntexDemo */ = {
			isa = PBXNativeTarget;
			buildConfigurationList = C2AFEBC81BBA3E2500900151 /* Build configuration list for PBXNativeTarget "SwiftSyntexDemo" */;
			buildPhases = (
				C2AFEBBD1BBA3E2500900151 /* Sources */,
				C2AFEBBE1BBA3E2500900151 /* Frameworks */,
				C2AFEBBF1BBA3E2500900151 /* CopyFiles */,
			);
			buildRules = (
			);
			dependencies = (
			);
			name = SwiftSyntexDemo;
			productName = SwiftSyntexDemo;
			productReference = C2AFEBC11BBA3E2500900151 /* SwiftSyntexDemo */;
			productType = "com.apple.product-type.tool";
		};
/* End PBXNativeTarget section */

/* Begin PBXProject section */
		C2AFEBB91BBA3E2500900151 /* Project object */ = {
			isa = PBXProject;
			attributes = {
				LastUpgradeCheck = 1230;
				ORGANIZATIONNAME = Tencent;
				TargetAttributes = {
					C2AFEBC01BBA3E2500900151 = {
						CreatedOnToolsVersion = 7.0;
						LastSwiftMigration = 1020;
					};
				};
			};
			buildConfigurationList = C2AFEBBC1BBA3E2500900151 /* Build configuration list for PBXProject "SwiftSyntexDemo" */;
			compatibilityVersion = "Xcode 3.2";
			developmentRegion = en;
			hasScannedForEncodings = 0;
			knownRegions = (
				en,
				Base,
			);
			mainGroup = C2AFEBB81BBA3E2500900151;
			productRefGroup = C2AFEBC21BBA3E2500900151 /* Products */;
			projectDirPath = "";
			projectRoot = "";
			targets = (
				C2AFEBC01BBA3E2500900151 /* SwiftSyntexDemo */,
			);
		};
/* End PBXProject section */

/* Begin PBXSourcesBuildPhase section */
		C2AFEBBD1BBA3E2500900151 /* Sources */ = {
			isa = PBXSourcesBuildPhase;
			buildActionMask = 2147483647;
			files = (
				C22BFD8925E4FCCD0020C2FC /* ARC.swift in Sources */,
				C2CC835D25B13B770011AFED /* Tuple.swift in Sources */,
				C2CF16831DD40B5F00810D30 /* OCClass.m in Sources */,
				C264E66E1EF91DC90067BA7A /* PredicateDemo.swift in Sources */,
				C2AFEBC51BBA3E2500900151 /* main.swift in Sources */,
				C2CC835325B128200011AFED /* Error.swift in Sources */,
				C2CC835625B129E00011AFED /* Enum.swift in Sources */,
				C2CC835925B12AB40011AFED /* Utils.swift in Sources */,
				C264E6701EF91E4D0067BA7A /* Model.swift in Sources */,
				C243A6701D90D4A500DF7851 /* File.swift in Sources */,
				C22BFD8625E4DEED0020C2FC /* Opaque.swift in Sources */,
				C2CC835025B127AF0011AFED /* Pointer.swift in Sources */,
				C2CC834A25B125A90011AFED /* Generic.swift in Sources */,
				C2CC834725B1253D0011AFED /* Closure.swift in Sources */,
				C2CC834D25B127330011AFED /* GCD.swift in Sources */,
				C2313F75227557AD00F2DEBF /* SwiftFunctions.swift in Sources */,
				C2CF16851DD44E5C00810D30 /* StringDemo.swift in Sources */,
				C2313F7222754AB600F2DEBF /* types.swift in Sources */,
			);
			runOnlyForDeploymentPostprocessing = 0;
		};
/* End PBXSourcesBuildPhase section */

/* Begin XCBuildConfiguration section */
		C2AFEBC61BBA3E2500900151 /* Debug */ = {
			isa = XCBuildConfiguration;
			buildSettings = {
				ALWAYS_SEARCH_USER_PATHS = NO;
				CLANG_ANALYZER_LOCALIZABILITY_NONLOCALIZED = YES;
				CLANG_CXX_LANGUAGE_STANDARD = "gnu++0x";
				CLANG_CXX_LIBRARY = "libc++";
				CLANG_ENABLE_MODULES = YES;
				CLANG_ENABLE_OBJC_ARC = YES;
				CLANG_WARN_BLOCK_CAPTURE_AUTORELEASING = YES;
				CLANG_WARN_BOOL_CONVERSION = YES;
				CLANG_WARN_COMMA = YES;
				CLANG_WARN_CONSTANT_CONVERSION = YES;
				CLANG_WARN_DEPRECATED_OBJC_IMPLEMENTATIONS = YES;
				CLANG_WARN_DIRECT_OBJC_ISA_USAGE = YES_ERROR;
				CLANG_WARN_EMPTY_BODY = YES;
				CLANG_WARN_ENUM_CONVERSION = YES;
				CLANG_WARN_INFINITE_RECURSION = YES;
				CLANG_WARN_INT_CONVERSION = YES;
				CLANG_WARN_NON_LITERAL_NULL_CONVERSION = YES;
				CLANG_WARN_OBJC_IMPLICIT_RETAIN_SELF = YES;
				CLANG_WARN_OBJC_LITERAL_CONVERSION = YES;
				CLANG_WARN_OBJC_ROOT_CLASS = YES_ERROR;
				CLANG_WARN_QUOTED_INCLUDE_IN_FRAMEWORK_HEADER = YES;
				CLANG_WARN_RANGE_LOOP_ANALYSIS = YES;
				CLANG_WARN_STRICT_PROTOTYPES = YES;
				CLANG_WARN_SUSPICIOUS_MOVE = YES;
				CLANG_WARN_UNREACHABLE_CODE = YES;
				CLANG_WARN__DUPLICATE_METHOD_MATCH = YES;
				COPY_PHASE_STRIP = NO;
				DEBUG_INFORMATION_FORMAT = dwarf;
				ENABLE_STRICT_OBJC_MSGSEND = YES;
				ENABLE_TESTABILITY = YES;
				GCC_C_LANGUAGE_STANDARD = gnu99;
				GCC_DYNAMIC_NO_PIC = NO;
				GCC_NO_COMMON_BLOCKS = YES;
				GCC_OPTIMIZATION_LEVEL = 0;
				GCC_PREPROCESSOR_DEFINITIONS = (
					"DEBUG=1",
					"$(inherited)",
				);
				GCC_WARN_64_TO_32_BIT_CONVERSION = YES;
				GCC_WARN_ABOUT_RETURN_TYPE = YES_ERROR;
				GCC_WARN_UNDECLARED_SELECTOR = YES;
				GCC_WARN_UNINITIALIZED_AUTOS = YES_AGGRESSIVE;
				GCC_WARN_UNUSED_FUNCTION = YES;
				GCC_WARN_UNUSED_VARIABLE = YES;
				MACOSX_DEPLOYMENT_TARGET = 10.10;
				MTL_ENABLE_DEBUG_INFO = YES;
				ONLY_ACTIVE_ARCH = YES;
				SDKROOT = macosx;
				SWIFT_OPTIMIZATION_LEVEL = "-Onone";
				SWIFT_SWIFT3_OBJC_INFERENCE = Off;
			};
			name = Debug;
		};
		C2AFEBC71BBA3E2500900151 /* Release */ = {
			isa = XCBuildConfiguration;
			buildSettings = {
				ALWAYS_SEARCH_USER_PATHS = NO;
				CLANG_ANALYZER_LOCALIZABILITY_NONLOCALIZED = YES;
				CLANG_CXX_LANGUAGE_STANDARD = "gnu++0x";
				CLANG_CXX_LIBRARY = "libc++";
				CLANG_ENABLE_MODULES = YES;
				CLANG_ENABLE_OBJC_ARC = YES;
				CLANG_WARN_BLOCK_CAPTURE_AUTORELEASING = YES;
				CLANG_WARN_BOOL_CONVERSION = YES;
				CLANG_WARN_COMMA = YES;
				CLANG_WARN_CONSTANT_CONVERSION = YES;
				CLANG_WARN_DEPRECATED_OBJC_IMPLEMENTATIONS = YES;
				CLANG_WARN_DIRECT_OBJC_ISA_USAGE = YES_ERROR;
				CLANG_WARN_EMPTY_BODY = YES;
				CLANG_WARN_ENUM_CONVERSION = YES;
				CLANG_WARN_INFINITE_RECURSION = YES;
				CLANG_WARN_INT_CONVERSION = YES;
				CLANG_WARN_NON_LITERAL_NULL_CONVERSION = YES;
				CLANG_WARN_OBJC_IMPLICIT_RETAIN_SELF = YES;
				CLANG_WARN_OBJC_LITERAL_CONVERSION = YES;
				CLANG_WARN_OBJC_ROOT_CLASS = YES_ERROR;
				CLANG_WARN_QUOTED_INCLUDE_IN_FRAMEWORK_HEADER = YES;
				CLANG_WARN_RANGE_LOOP_ANALYSIS = YES;
				CLANG_WARN_STRICT_PROTOTYPES = YES;
				CLANG_WARN_SUSPICIOUS_MOVE = YES;
				CLANG_WARN_UNREACHABLE_CODE = YES;
				CLANG_WARN__DUPLICATE_METHOD_MATCH = YES;
				COPY_PHASE_STRIP = NO;
				DEBUG_INFORMATION_FORMAT = "dwarf-with-dsym";
				ENABLE_NS_ASSERTIONS = NO;
				ENABLE_STRICT_OBJC_MSGSEND = YES;
				GCC_C_LANGUAGE_STANDARD = gnu99;
				GCC_NO_COMMON_BLOCKS = YES;
				GCC_WARN_64_TO_32_BIT_CONVERSION = YES;
				GCC_WARN_ABOUT_RETURN_TYPE = YES_ERROR;
				GCC_WARN_UNDECLARED_SELECTOR = YES;
				GCC_WARN_UNINITIALIZED_AUTOS = YES_AGGRESSIVE;
				GCC_WARN_UNUSED_FUNCTION = YES;
				GCC_WARN_UNUSED_VARIABLE = YES;
				MACOSX_DEPLOYMENT_TARGET = 10.10;
				MTL_ENABLE_DEBUG_INFO = NO;
				SDKROOT = macosx;
				SWIFT_SWIFT3_OBJC_INFERENCE = Off;
			};
			name = Release;
		};
		C2AFEBC91BBA3E2500900151 /* Debug */ = {
			isa = XCBuildConfiguration;
			buildSettings = {
				CLANG_ENABLE_MODULES = YES;
				CODE_SIGN_IDENTITY = "-";
				FRAMEWORK_SEARCH_PATHS = (
					"$(inherited)",
					"$(PROJECT_DIR)/SwiftSyntexDemo",
				);
				LD_RUNPATH_SEARCH_PATHS = "$(inherited) @executable_path/../Frameworks @loader_path/../Frameworks";
				PRODUCT_NAME = "$(TARGET_NAME)";
				SWIFT_OBJC_BRIDGING_HEADER = "SwiftSyntexDemo/SwiftSyntexDemo-Bridging-Header.h";
				SWIFT_OPTIMIZATION_LEVEL = "-Onone";
				SWIFT_VERSION = 5.0;
			};
			name = Debug;
		};
		C2AFEBCA1BBA3E2500900151 /* Release */ = {
			isa = XCBuildConfiguration;
			buildSettings = {
				CLANG_ENABLE_MODULES = YES;
				CODE_SIGN_IDENTITY = "-";
				FRAMEWORK_SEARCH_PATHS = (
					"$(inherited)",
					"$(PROJECT_DIR)/SwiftSyntexDemo",
				);
				LD_RUNPATH_SEARCH_PATHS = "$(inherited) @executable_path/../Frameworks @loader_path/../Frameworks";
				PRODUCT_NAME = "$(TARGET_NAME)";
				SWIFT_OBJC_BRIDGING_HEADER = "SwiftSyntexDemo/SwiftSyntexDemo-Bridging-Header.h";
				SWIFT_OPTIMIZATION_LEVEL = "-Owholemodule";
				SWIFT_VERSION = 5.0;
			};
			name = Release;
		};
/* End XCBuildConfiguration section */

/* Begin XCConfigurationList section */
		C2AFEBBC1BBA3E2500900151 /* Build configuration list for PBXProject "SwiftSyntexDemo" */ = {
			isa = XCConfigurationList;
			buildConfigurations = (
				C2AFEBC61BBA3E2500900151 /* Debug */,
				C2AFEBC71BBA3E2500900151 /* Release */,
			);
			defaultConfigurationIsVisible = 0;
			defaultConfigurationName = Release;
		};
		C2AFEBC81BBA3E2500900151 /* Build configuration list for PBXNativeTarget "SwiftSyntexDemo" */ = {
			isa = XCConfigurationList;
			buildConfigurations = (
				C2AFEBC91BBA3E2500900151 /* Debug */,
				C2AFEBCA1BBA3E2500900151 /* Release */,
			);
			defaultConfigurationIsVisible = 0;
			defaultConfigurationName = Release;
		};
/* End XCConfigurationList section */
	};
	rootObject = C2AFEBB91BBA3E2500900151 /* Project object */;
}
