// !$*UTF8*$!
{
	archiveVersion = 1;
	classes = {
	};
	objectVersion = 46;
	objects = {

/* Begin PBXBuildFile section */
		C205DF031E9F7854000E721F /* MainTabViewController.swift in Sources */ = {isa = PBXBuildFile; fileRef = C205DF021E9F7854000E721F /* MainTabViewController.swift */; };
		C205DF061E9F7C48000E721F /* CoreImage.framework in Frameworks */ = {isa = PBXBuildFile; fileRef = C205DF051E9F7C48000E721F /* CoreImage.framework */; };
		C26FA2211E9E4C8600EFB64E /* AppDelegate.swift in Sources */ = {isa = PBXBuildFile; fileRef = C26FA2201E9E4C8600EFB64E /* AppDelegate.swift */; };
		C26FA2231E9E4C8600EFB64E /* AlbumsViewController.swift in Sources */ = {isa = PBXBuildFile; fileRef = C26FA2221E9E4C8600EFB64E /* AlbumsViewController.swift */; };
		C26FA2251E9E4C8600EFB64E /* ManualCameraViewController.swift in Sources */ = {isa = PBXBuildFile; fileRef = C26FA2241E9E4C8600EFB64E /* ManualCameraViewController.swift */; };
		C26FA2281E9E4C8600EFB64E /* Main.storyboard in Resources */ = {isa = PBXBuildFile; fileRef = C26FA2261E9E4C8600EFB64E /* Main.storyboard */; };
		C26FA22A1E9E4C8600EFB64E /* Assets.xcassets in Resources */ = {isa = PBXBuildFile; fileRef = C26FA2291E9E4C8600EFB64E /* Assets.xcassets */; };
		C26FA22D1E9E4C8600EFB64E /* LaunchScreen.storyboard in Resources */ = {isa = PBXBuildFile; fileRef = C26FA22B1E9E4C8600EFB64E /* LaunchScreen.storyboard */; };
		C27CC34A1EA5A48C00564064 /* CameraViewController.swift in Sources */ = {isa = PBXBuildFile; fileRef = C27CC3491EA5A48C00564064 /* CameraViewController.swift */; };
		C295E1161EA0FFA60048F0DF /* CameraPerview.swift in Sources */ = {isa = PBXBuildFile; fileRef = C295E1151EA0FFA60048F0DF /* CameraPerview.swift */; };
		C2BB67851EB5CE8D007EF91F /* PhotoCaptureDelegate.swift in Sources */ = {isa = PBXBuildFile; fileRef = C2BB67841EB5CE8D007EF91F /* PhotoCaptureDelegate.swift */; };
/* End PBXBuildFile section */

/* Begin PBXFileReference section */
		C205DF021E9F7854000E721F /* MainTabViewController.swift */ = {isa = PBXFileReference; fileEncoding = 4; lastKnownFileType = sourcecode.swift; path = MainTabViewController.swift; sourceTree = "<group>"; };
		C205DF051E9F7C48000E721F /* CoreImage.framework */ = {isa = PBXFileReference; lastKnownFileType = wrapper.framework; name = CoreImage.framework; path = System/Library/Frameworks/CoreImage.framework; sourceTree = SDKROOT; };
		C26FA21D1E9E4C8600EFB64E /* GraphicsDemo.app */ = {isa = PBXFileReference; explicitFileType = wrapper.application; includeInIndex = 0; path = GraphicsDemo.app; sourceTree = BUILT_PRODUCTS_DIR; };
		C26FA2201E9E4C8600EFB64E /* AppDelegate.swift */ = {isa = PBXFileReference; lastKnownFileType = sourcecode.swift; path = AppDelegate.swift; sourceTree = "<group>"; };
		C26FA2221E9E4C8600EFB64E /* AlbumsViewController.swift */ = {isa = PBXFileReference; lastKnownFileType = sourcecode.swift; path = AlbumsViewController.swift; sourceTree = "<group>"; };
		C26FA2241E9E4C8600EFB64E /* ManualCameraViewController.swift */ = {isa = PBXFileReference; lastKnownFileType = sourcecode.swift; path = ManualCameraViewController.swift; sourceTree = "<group>"; };
		C26FA2271E9E4C8600EFB64E /* Base */ = {isa = PBXFileReference; lastKnownFileType = file.storyboard; name = Base; path = Base.lproj/Main.storyboard; sourceTree = "<group>"; };
		C26FA2291E9E4C8600EFB64E /* Assets.xcassets */ = {isa = PBXFileReference; lastKnownFileType = folder.assetcatalog; path = Assets.xcassets; sourceTree = "<group>"; };
		C26FA22C1E9E4C8600EFB64E /* Base */ = {isa = PBXFileReference; lastKnownFileType = file.storyboard; name = Base; path = Base.lproj/LaunchScreen.storyboard; sourceTree = "<group>"; };
		C26FA22E1E9E4C8600EFB64E /* Info.plist */ = {isa = PBXFileReference; lastKnownFileType = text.plist.xml; path = Info.plist; sourceTree = "<group>"; };
		C27CC3491EA5A48C00564064 /* CameraViewController.swift */ = {isa = PBXFileReference; fileEncoding = 4; lastKnownFileType = sourcecode.swift; path = CameraViewController.swift; sourceTree = "<group>"; };
		C295E1151EA0FFA60048F0DF /* CameraPerview.swift */ = {isa = PBXFileReference; fileEncoding = 4; lastKnownFileType = sourcecode.swift; path = CameraPerview.swift; sourceTree = "<group>"; };
		C2BB67841EB5CE8D007EF91F /* PhotoCaptureDelegate.swift */ = {isa = PBXFileReference; fileEncoding = 4; lastKnownFileType = sourcecode.swift; path = PhotoCaptureDelegate.swift; sourceTree = "<group>"; };
/* End PBXFileReference section */

/* Begin PBXFrameworksBuildPhase section */
		C26FA21A1E9E4C8600EFB64E /* Frameworks */ = {
			isa = PBXFrameworksBuildPhase;
			buildActionMask = 2147483647;
			files = (
				C205DF061E9F7C48000E721F /* CoreImage.framework in Frameworks */,
			);
			runOnlyForDeploymentPostprocessing = 0;
		};
/* End PBXFrameworksBuildPhase section */

/* Begin PBXGroup section */
		C205DF041E9F7C48000E721F /* Frameworks */ = {
			isa = PBXGroup;
			children = (
				C205DF051E9F7C48000E721F /* CoreImage.framework */,
			);
			name = Frameworks;
			sourceTree = "<group>";
		};
		C26FA2141E9E4C8600EFB64E = {
			isa = PBXGroup;
			children = (
				C26FA21F1E9E4C8600EFB64E /* GraphicsDemo */,
				C26FA21E1E9E4C8600EFB64E /* Products */,
				C205DF041E9F7C48000E721F /* Frameworks */,
			);
			sourceTree = "<group>";
		};
		C26FA21E1E9E4C8600EFB64E /* Products */ = {
			isa = PBXGroup;
			children = (
				C26FA21D1E9E4C8600EFB64E /* GraphicsDemo.app */,
			);
			name = Products;
			sourceTree = "<group>";
		};
		C26FA21F1E9E4C8600EFB64E /* GraphicsDemo */ = {
			isa = PBXGroup;
			children = (
				C26FA2201E9E4C8600EFB64E /* AppDelegate.swift */,
				C26FA2221E9E4C8600EFB64E /* AlbumsViewController.swift */,
				C26FA2241E9E4C8600EFB64E /* ManualCameraViewController.swift */,
				C26FA2261E9E4C8600EFB64E /* Main.storyboard */,
				C26FA2291E9E4C8600EFB64E /* Assets.xcassets */,
				C26FA22B1E9E4C8600EFB64E /* LaunchScreen.storyboard */,
				C26FA22E1E9E4C8600EFB64E /* Info.plist */,
				C205DF021E9F7854000E721F /* MainTabViewController.swift */,
				C295E1151EA0FFA60048F0DF /* CameraPerview.swift */,
				C27CC3491EA5A48C00564064 /* CameraViewController.swift */,
				C2BB67841EB5CE8D007EF91F /* PhotoCaptureDelegate.swift */,
			);
			path = GraphicsDemo;
			sourceTree = "<group>";
		};
/* End PBXGroup section */

/* Begin PBXNativeTarget section */
		C26FA21C1E9E4C8600EFB64E /* GraphicsDemo */ = {
			isa = PBXNativeTarget;
			buildConfigurationList = C26FA2311E9E4C8600EFB64E /* Build configuration list for PBXNativeTarget "GraphicsDemo" */;
			buildPhases = (
				C26FA2191E9E4C8600EFB64E /* Sources */,
				C26FA21A1E9E4C8600EFB64E /* Frameworks */,
				C26FA21B1E9E4C8600EFB64E /* Resources */,
			);
			buildRules = (
			);
			dependencies = (
			);
			name = GraphicsDemo;
			productName = GraphicsDemo;
			productReference = C26FA21D1E9E4C8600EFB64E /* GraphicsDemo.app */;
			productType = "com.apple.product-type.application";
		};
/* End PBXNativeTarget section */

/* Begin PBXProject section */
		C26FA2151E9E4C8600EFB64E /* Project object */ = {
			isa = PBXProject;
			attributes = {
				LastSwiftUpdateCheck = 0830;
				LastUpgradeCheck = 0830;
				ORGANIZATIONNAME = Tencent;
				TargetAttributes = {
					C26FA21C1E9E4C8600EFB64E = {
						CreatedOnToolsVersion = 8.3;
						DevelopmentTeam = 299MFJ63GP;
						ProvisioningStyle = Manual;
					};
				};
			};
			buildConfigurationList = C26FA2181E9E4C8600EFB64E /* Build configuration list for PBXProject "GraphicsDemo" */;
			compatibilityVersion = "Xcode 3.2";
			developmentRegion = English;
			hasScannedForEncodings = 0;
			knownRegions = (
				en,
				Base,
			);
			mainGroup = C26FA2141E9E4C8600EFB64E;
			productRefGroup = C26FA21E1E9E4C8600EFB64E /* Products */;
			projectDirPath = "";
			projectRoot = "";
			targets = (
				C26FA21C1E9E4C8600EFB64E /* GraphicsDemo */,
			);
		};
/* End PBXProject section */

/* Begin PBXResourcesBuildPhase section */
		C26FA21B1E9E4C8600EFB64E /* Resources */ = {
			isa = PBXResourcesBuildPhase;
			buildActionMask = 2147483647;
			files = (
				C26FA22D1E9E4C8600EFB64E /* LaunchScreen.storyboard in Resources */,
				C26FA22A1E9E4C8600EFB64E /* Assets.xcassets in Resources */,
				C26FA2281E9E4C8600EFB64E /* Main.storyboard in Resources */,
			);
			runOnlyForDeploymentPostprocessing = 0;
		};
/* End PBXResourcesBuildPhase section */

/* Begin PBXSourcesBuildPhase section */
		C26FA2191E9E4C8600EFB64E /* Sources */ = {
			isa = PBXSourcesBuildPhase;
			buildActionMask = 2147483647;
			files = (
				C26FA2251E9E4C8600EFB64E /* ManualCameraViewController.swift in Sources */,
				C295E1161EA0FFA60048F0DF /* CameraPerview.swift in Sources */,
				C205DF031E9F7854000E721F /* MainTabViewController.swift in Sources */,
				C26FA2211E9E4C8600EFB64E /* AppDelegate.swift in Sources */,
				C26FA2231E9E4C8600EFB64E /* AlbumsViewController.swift in Sources */,
				C2BB67851EB5CE8D007EF91F /* PhotoCaptureDelegate.swift in Sources */,
				C27CC34A1EA5A48C00564064 /* CameraViewController.swift in Sources */,
			);
			runOnlyForDeploymentPostprocessing = 0;
		};
/* End PBXSourcesBuildPhase section */

/* Begin PBXVariantGroup section */
		C26FA2261E9E4C8600EFB64E /* Main.storyboard */ = {
			isa = PBXVariantGroup;
			children = (
				C26FA2271E9E4C8600EFB64E /* Base */,
			);
			name = Main.storyboard;
			sourceTree = "<group>";
		};
		C26FA22B1E9E4C8600EFB64E /* LaunchScreen.storyboard */ = {
			isa = PBXVariantGroup;
			children = (
				C26FA22C1E9E4C8600EFB64E /* Base */,
			);
			name = LaunchScreen.storyboard;
			sourceTree = "<group>";
		};
/* End PBXVariantGroup section */

/* Begin XCBuildConfiguration section */
		C26FA22F1E9E4C8600EFB64E /* Debug */ = {
			isa = XCBuildConfiguration;
			buildSettings = {
				ALWAYS_SEARCH_USER_PATHS = NO;
				CLANG_ANALYZER_NONNULL = YES;
				CLANG_ANALYZER_NUMBER_OBJECT_CONVERSION = YES_AGGRESSIVE;
				CLANG_CXX_LANGUAGE_STANDARD = "gnu++0x";
				CLANG_CXX_LIBRARY = "libc++";
				CLANG_ENABLE_MODULES = YES;
				CLANG_ENABLE_OBJC_ARC = YES;
				CLANG_WARN_BOOL_CONVERSION = YES;
				CLANG_WARN_CONSTANT_CONVERSION = YES;
				CLANG_WARN_DIRECT_OBJC_ISA_USAGE = YES_ERROR;
				CLANG_WARN_DOCUMENTATION_COMMENTS = YES;
				CLANG_WARN_EMPTY_BODY = YES;
				CLANG_WARN_ENUM_CONVERSION = YES;
				CLANG_WARN_INFINITE_RECURSION = YES;
				CLANG_WARN_INT_CONVERSION = YES;
				CLANG_WARN_OBJC_ROOT_CLASS = YES_ERROR;
				CLANG_WARN_SUSPICIOUS_MOVE = YES;
				CLANG_WARN_UNREACHABLE_CODE = YES;
				CLANG_WARN__DUPLICATE_METHOD_MATCH = YES;
				"CODE_SIGN_IDENTITY[sdk=iphoneos*]" = "iPhone Developer";
				COPY_PHASE_STRIP = NO;
				DEBUG_INFORMATION_FORMAT = dwarf;
				ENABLE_STRICT_OBJC_MSGSEND = YES;
				ENABLE_TESTABILITY = YES;
				GCC_C_LANGUAGE_STANDARD = gnu99;
				GCC_DYNAMIC_NO_PIC = NO;
				GCC_NO_COMMON_BLOCKS = YES;
				GCC_OPTIMIZATION_LEVEL = 0;
				GCC_PREPROCESSOR_DEFINITIONS = (
					"DEBUG=1",
					"$(inherited)",
				);
				GCC_WARN_64_TO_32_BIT_CONVERSION = YES;
				GCC_WARN_ABOUT_RETURN_TYPE = YES_ERROR;
				GCC_WARN_UNDECLARED_SELECTOR = YES;
				GCC_WARN_UNINITIALIZED_AUTOS = YES_AGGRESSIVE;
				GCC_WARN_UNUSED_FUNCTION = YES;
				GCC_WARN_UNUSED_VARIABLE = YES;
				IPHONEOS_DEPLOYMENT_TARGET = 10.0;
				MTL_ENABLE_DEBUG_INFO = YES;
				ONLY_ACTIVE_ARCH = YES;
				SDKROOT = iphoneos;
				SWIFT_ACTIVE_COMPILATION_CONDITIONS = DEBUG;
				SWIFT_OPTIMIZATION_LEVEL = "-Onone";
			};
			name = Debug;
		};
		C26FA2301E9E4C8600EFB64E /* Release */ = {
			isa = XCBuildConfiguration;
			buildSettings = {
				ALWAYS_SEARCH_USER_PATHS = NO;
				CLANG_ANALYZER_NONNULL = YES;
				CLANG_ANALYZER_NUMBER_OBJECT_CONVERSION = YES_AGGRESSIVE;
				CLANG_CXX_LANGUAGE_STANDARD = "gnu++0x";
				CLANG_CXX_LIBRARY = "libc++";
				CLANG_ENABLE_MODULES = YES;
				CLANG_ENABLE_OBJC_ARC = YES;
				CLANG_WARN_BOOL_CONVERSION = YES;
				CLANG_WARN_CONSTANT_CONVERSION = YES;
				CLANG_WARN_DIRECT_OBJC_ISA_USAGE = YES_ERROR;
				CLANG_WARN_DOCUMENTATION_COMMENTS = YES;
				CLANG_WARN_EMPTY_BODY = YES;
				CLANG_WARN_ENUM_CONVERSION = YES;
				CLANG_WARN_INFINITE_RECURSION = YES;
				CLANG_WARN_INT_CONVERSION = YES;
				CLANG_WARN_OBJC_ROOT_CLASS = YES_ERROR;
				CLANG_WARN_SUSPICIOUS_MOVE = YES;
				CLANG_WARN_UNREACHABLE_CODE = YES;
				CLANG_WARN__DUPLICATE_METHOD_MATCH = YES;
				"CODE_SIGN_IDENTITY[sdk=iphoneos*]" = "iPhone Developer";
				COPY_PHASE_STRIP = NO;
				DEBUG_INFORMATION_FORMAT = "dwarf-with-dsym";
				ENABLE_NS_ASSERTIONS = NO;
				ENABLE_STRICT_OBJC_MSGSEND = YES;
				GCC_C_LANGUAGE_STANDARD = gnu99;
				GCC_NO_COMMON_BLOCKS = YES;
				GCC_WARN_64_TO_32_BIT_CONVERSION = YES;
				GCC_WARN_ABOUT_RETURN_TYPE = YES_ERROR;
				GCC_WARN_UNDECLARED_SELECTOR = YES;
				GCC_WARN_UNINITIALIZED_AUTOS = YES_AGGRESSIVE;
				GCC_WARN_UNUSED_FUNCTION = YES;
				GCC_WARN_UNUSED_VARIABLE = YES;
				IPHONEOS_DEPLOYMENT_TARGET = 10.0;
				MTL_ENABLE_DEBUG_INFO = NO;
				SDKROOT = iphoneos;
				SWIFT_OPTIMIZATION_LEVEL = "-Owholemodule";
				VALIDATE_PRODUCT = YES;
			};
			name = Release;
		};
		C26FA2321E9E4C8600EFB64E /* Debug */ = {
			isa = XCBuildConfiguration;
			buildSettings = {
				ASSETCATALOG_COMPILER_APPICON_NAME = AppIcon;
				"CODE_SIGN_IDENTITY[sdk=iphoneos*]" = "iPhone Developer";
				DEVELOPMENT_TEAM = 299MFJ63GP;
				INFOPLIST_FILE = GraphicsDemo/Info.plist;
				LD_RUNPATH_SEARCH_PATHS = "$(inherited) @executable_path/Frameworks";
				PRODUCT_BUNDLE_IDENTIFIER = com.tencent.teg.demo;
				PRODUCT_NAME = "$(TARGET_NAME)";
				PROVISIONING_PROFILE = "bb0209c8-99c4-4ea7-9325-8783df0afa28";
				PROVISIONING_PROFILE_SPECIFIER = "teg-common-dev";
				SWIFT_VERSION = 3.0;
			};
			name = Debug;
		};
		C26FA2331E9E4C8600EFB64E /* Release */ = {
			isa = XCBuildConfiguration;
			buildSettings = {
				ASSETCATALOG_COMPILER_APPICON_NAME = AppIcon;
				"CODE_SIGN_IDENTITY[sdk=iphoneos*]" = "iPhone Developer";
				DEVELOPMENT_TEAM = "";
				INFOPLIST_FILE = GraphicsDemo/Info.plist;
				LD_RUNPATH_SEARCH_PATHS = "$(inherited) @executable_path/Frameworks";
				PRODUCT_BUNDLE_IDENTIFIER = com.tencent.teg.demo;
				PRODUCT_NAME = "$(TARGET_NAME)";
				PROVISIONING_PROFILE = "";
				PROVISIONING_PROFILE_SPECIFIER = "";
				SWIFT_VERSION = 3.0;
			};
			name = Release;
		};
/* End XCBuildConfiguration section */

/* Begin XCConfigurationList section */
		C26FA2181E9E4C8600EFB64E /* Build configuration list for PBXProject "GraphicsDemo" */ = {
			isa = XCConfigurationList;
			buildConfigurations = (
				C26FA22F1E9E4C8600EFB64E /* Debug */,
				C26FA2301E9E4C8600EFB64E /* Release */,
			);
			defaultConfigurationIsVisible = 0;
			defaultConfigurationName = Release;
		};
		C26FA2311E9E4C8600EFB64E /* Build configuration list for PBXNativeTarget "GraphicsDemo" */ = {
			isa = XCConfigurationList;
			buildConfigurations = (
				C26FA2321E9E4C8600EFB64E /* Debug */,
				C26FA2331E9E4C8600EFB64E /* Release */,
			);
			defaultConfigurationIsVisible = 0;
			defaultConfigurationName = Release;
		};
/* End XCConfigurationList section */
	};
	rootObject = C26FA2151E9E4C8600EFB64E /* Project object */;
}
