// !$*UTF8*$!
{
	archiveVersion = 1;
	classes = {
	};
	objectVersion = 46;
	objects = {

/* Begin PBXBuildFile section */
		C2DF3EA41EBDD44700A1B507 /* AppDelegate.swift in Sources */ = {isa = PBXBuildFile; fileRef = C2DF3EA31EBDD44700A1B507 /* AppDelegate.swift */; };
		C2DF3EA61EBDD44700A1B507 /* ViewController.swift in Sources */ = {isa = PBXBuildFile; fileRef = C2DF3EA51EBDD44700A1B507 /* ViewController.swift */; };
		C2DF3EA91EBDD44700A1B507 /* Main.storyboard in Resources */ = {isa = PBXBuildFile; fileRef = C2DF3EA71EBDD44700A1B507 /* Main.storyboard */; };
		C2DF3EAB1EBDD44700A1B507 /* Assets.xcassets in Resources */ = {isa = PBXBuildFile; fileRef = C2DF3EAA1EBDD44700A1B507 /* Assets.xcassets */; };
		C2DF3EAE1EBDD44700A1B507 /* LaunchScreen.storyboard in Resources */ = {isa = PBXBuildFile; fileRef = C2DF3EAC1EBDD44700A1B507 /* LaunchScreen.storyboard */; };
/* End PBXBuildFile section */

/* Begin PBXFileReference section */
		C2DF3EA01EBDD44700A1B507 /* BTCenteralDemo.app */ = {isa = PBXFileReference; explicitFileType = wrapper.application; includeInIndex = 0; path = BTCenteralDemo.app; sourceTree = BUILT_PRODUCTS_DIR; };
		C2DF3EA31EBDD44700A1B507 /* AppDelegate.swift */ = {isa = PBXFileReference; lastKnownFileType = sourcecode.swift; path = AppDelegate.swift; sourceTree = "<group>"; };
		C2DF3EA51EBDD44700A1B507 /* ViewController.swift */ = {isa = PBXFileReference; lastKnownFileType = sourcecode.swift; path = ViewController.swift; sourceTree = "<group>"; };
		C2DF3EA81EBDD44700A1B507 /* Base */ = {isa = PBXFileReference; lastKnownFileType = file.storyboard; name = Base; path = Base.lproj/Main.storyboard; sourceTree = "<group>"; };
		C2DF3EAA1EBDD44700A1B507 /* Assets.xcassets */ = {isa = PBXFileReference; lastKnownFileType = folder.assetcatalog; path = Assets.xcassets; sourceTree = "<group>"; };
		C2DF3EAD1EBDD44700A1B507 /* Base */ = {isa = PBXFileReference; lastKnownFileType = file.storyboard; name = Base; path = Base.lproj/LaunchScreen.storyboard; sourceTree = "<group>"; };
		C2DF3EAF1EBDD44700A1B507 /* Info.plist */ = {isa = PBXFileReference; lastKnownFileType = text.plist.xml; path = Info.plist; sourceTree = "<group>"; };
/* End PBXFileReference section */

/* Begin PBXFrameworksBuildPhase section */
		C2DF3E9D1EBDD44700A1B507 /* Frameworks */ = {
			isa = PBXFrameworksBuildPhase;
			buildActionMask = 2147483647;
			files = (
			);
			runOnlyForDeploymentPostprocessing = 0;
		};
/* End PBXFrameworksBuildPhase section */

/* Begin PBXGroup section */
		C2DF3E971EBDD44700A1B507 = {
			isa = PBXGroup;
			children = (
				C2DF3EA21EBDD44700A1B507 /* BTCenteralDemo */,
				C2DF3EA11EBDD44700A1B507 /* Products */,
			);
			sourceTree = "<group>";
		};
		C2DF3EA11EBDD44700A1B507 /* Products */ = {
			isa = PBXGroup;
			children = (
				C2DF3EA01EBDD44700A1B507 /* BTCenteralDemo.app */,
			);
			name = Products;
			sourceTree = "<group>";
		};
		C2DF3EA21EBDD44700A1B507 /* BTCenteralDemo */ = {
			isa = PBXGroup;
			children = (
				C2DF3EA31EBDD44700A1B507 /* AppDelegate.swift */,
				C2DF3EA51EBDD44700A1B507 /* ViewController.swift */,
				C2DF3EA71EBDD44700A1B507 /* Main.storyboard */,
				C2DF3EAA1EBDD44700A1B507 /* Assets.xcassets */,
				C2DF3EAC1EBDD44700A1B507 /* LaunchScreen.storyboard */,
				C2DF3EAF1EBDD44700A1B507 /* Info.plist */,
			);
			path = BTCenteralDemo;
			sourceTree = "<group>";
		};
/* End PBXGroup section */

/* Begin PBXNativeTarget section */
		C2DF3E9F1EBDD44700A1B507 /* BTCenteralDemo */ = {
			isa = PBXNativeTarget;
			buildConfigurationList = C2DF3EB21EBDD44700A1B507 /* Build configuration list for PBXNativeTarget "BTCenteralDemo" */;
			buildPhases = (
				C2DF3E9C1EBDD44700A1B507 /* Sources */,
				C2DF3E9D1EBDD44700A1B507 /* Frameworks */,
				C2DF3E9E1EBDD44700A1B507 /* Resources */,
			);
			buildRules = (
			);
			dependencies = (
			);
			name = BTCenteralDemo;
			productName = BTCenteralDemo;
			productReference = C2DF3EA01EBDD44700A1B507 /* BTCenteralDemo.app */;
			productType = "com.apple.product-type.application";
		};
/* End PBXNativeTarget section */

/* Begin PBXProject section */
		C2DF3E981EBDD44700A1B507 /* Project object */ = {
			isa = PBXProject;
			attributes = {
				LastSwiftUpdateCheck = 0830;
				LastUpgradeCheck = 0830;
				ORGANIZATIONNAME = Tencent;
				TargetAttributes = {
					C2DF3E9F1EBDD44700A1B507 = {
						CreatedOnToolsVersion = 8.3.2;
						DevelopmentTeam = 299MFJ63GP;
						ProvisioningStyle = Manual;
						SystemCapabilities = {
							com.apple.BackgroundModes = {
								enabled = 1;
							};
						};
					};
				};
			};
			buildConfigurationList = C2DF3E9B1EBDD44700A1B507 /* Build configuration list for PBXProject "BTCenteralDemo" */;
			compatibilityVersion = "Xcode 3.2";
			developmentRegion = en;
			hasScannedForEncodings = 0;
			knownRegions = (
				en,
				Base,
			);
			mainGroup = C2DF3E971EBDD44700A1B507;
			productRefGroup = C2DF3EA11EBDD44700A1B507 /* Products */;
			projectDirPath = "";
			projectRoot = "";
			targets = (
				C2DF3E9F1EBDD44700A1B507 /* BTCenteralDemo */,
			);
		};
/* End PBXProject section */

/* Begin PBXResourcesBuildPhase section */
		C2DF3E9E1EBDD44700A1B507 /* Resources */ = {
			isa = PBXResourcesBuildPhase;
			buildActionMask = 2147483647;
			files = (
				C2DF3EAE1EBDD44700A1B507 /* LaunchScreen.storyboard in Resources */,
				C2DF3EAB1EBDD44700A1B507 /* Assets.xcassets in Resources */,
				C2DF3EA91EBDD44700A1B507 /* Main.storyboard in Resources */,
			);
			runOnlyForDeploymentPostprocessing = 0;
		};
/* End PBXResourcesBuildPhase section */

/* Begin PBXSourcesBuildPhase section */
		C2DF3E9C1EBDD44700A1B507 /* Sources */ = {
			isa = PBXSourcesBuildPhase;
			buildActionMask = 2147483647;
			files = (
				C2DF3EA61EBDD44700A1B507 /* ViewController.swift in Sources */,
				C2DF3EA41EBDD44700A1B507 /* AppDelegate.swift in Sources */,
			);
			runOnlyForDeploymentPostprocessing = 0;
		};
/* End PBXSourcesBuildPhase section */

/* Begin PBXVariantGroup section */
		C2DF3EA71EBDD44700A1B507 /* Main.storyboard */ = {
			isa = PBXVariantGroup;
			children = (
				C2DF3EA81EBDD44700A1B507 /* Base */,
			);
			name = Main.storyboard;
			sourceTree = "<group>";
		};
		C2DF3EAC1EBDD44700A1B507 /* LaunchScreen.storyboard */ = {
			isa = PBXVariantGroup;
			children = (
				C2DF3EAD1EBDD44700A1B507 /* Base */,
			);
			name = LaunchScreen.storyboard;
			sourceTree = "<group>";
		};
/* End PBXVariantGroup section */

/* Begin XCBuildConfiguration section */
		C2DF3EB01EBDD44700A1B507 /* Debug */ = {
			isa = XCBuildConfiguration;
			buildSettings = {
				ALWAYS_SEARCH_USER_PATHS = NO;
				CLANG_ANALYZER_NONNULL = YES;
				CLANG_ANALYZER_NUMBER_OBJECT_CONVERSION = YES_AGGRESSIVE;
				CLANG_CXX_LANGUAGE_STANDARD = "gnu++0x";
				CLANG_CXX_LIBRARY = "libc++";
				CLANG_ENABLE_MODULES = YES;
				CLANG_ENABLE_OBJC_ARC = YES;
				CLANG_WARN_BOOL_CONVERSION = YES;
				CLANG_WARN_CONSTANT_CONVERSION = YES;
				CLANG_WARN_DIRECT_OBJC_ISA_USAGE = YES_ERROR;
				CLANG_WARN_DOCUMENTATION_COMMENTS = YES;
				CLANG_WARN_EMPTY_BODY = YES;
				CLANG_WARN_ENUM_CONVERSION = YES;
				CLANG_WARN_INFINITE_RECURSION = YES;
				CLANG_WARN_INT_CONVERSION = YES;
				CLANG_WARN_OBJC_ROOT_CLASS = YES_ERROR;
				CLANG_WARN_SUSPICIOUS_MOVE = YES;
				CLANG_WARN_UNREACHABLE_CODE = YES;
				CLANG_WARN__DUPLICATE_METHOD_MATCH = YES;
				"CODE_SIGN_IDENTITY[sdk=iphoneos*]" = "iPhone Developer";
				COPY_PHASE_STRIP = NO;
				DEBUG_INFORMATION_FORMAT = dwarf;
				ENABLE_STRICT_OBJC_MSGSEND = YES;
				ENABLE_TESTABILITY = YES;
				GCC_C_LANGUAGE_STANDARD = gnu99;
				GCC_DYNAMIC_NO_PIC = NO;
				GCC_NO_COMMON_BLOCKS = YES;
				GCC_OPTIMIZATION_LEVEL = 0;
				GCC_PREPROCESSOR_DEFINITIONS = (
					"DEBUG=1",
					"$(inherited)",
				);
				GCC_WARN_64_TO_32_BIT_CONVERSION = YES;
				GCC_WARN_ABOUT_RETURN_TYPE = YES_ERROR;
				GCC_WARN_UNDECLARED_SELECTOR = YES;
				GCC_WARN_UNINITIALIZED_AUTOS = YES_AGGRESSIVE;
				GCC_WARN_UNUSED_FUNCTION = YES;
				GCC_WARN_UNUSED_VARIABLE = YES;
				IPHONEOS_DEPLOYMENT_TARGET = 10.3;
				MTL_ENABLE_DEBUG_INFO = YES;
				ONLY_ACTIVE_ARCH = YES;
				SDKROOT = iphoneos;
				SWIFT_ACTIVE_COMPILATION_CONDITIONS = DEBUG;
				SWIFT_OPTIMIZATION_LEVEL = "-Onone";
			};
			name = Debug;
		};
		C2DF3EB11EBDD44700A1B507 /* Release */ = {
			isa = XCBuildConfiguration;
			buildSettings = {
				ALWAYS_SEARCH_USER_PATHS = NO;
				CLANG_ANALYZER_NONNULL = YES;
				CLANG_ANALYZER_NUMBER_OBJECT_CONVERSION = YES_AGGRESSIVE;
				CLANG_CXX_LANGUAGE_STANDARD = "gnu++0x";
				CLANG_CXX_LIBRARY = "libc++";
				CLANG_ENABLE_MODULES = YES;
				CLANG_ENABLE_OBJC_ARC = YES;
				CLANG_WARN_BOOL_CONVERSION = YES;
				CLANG_WARN_CONSTANT_CONVERSION = YES;
				CLANG_WARN_DIRECT_OBJC_ISA_USAGE = YES_ERROR;
				CLANG_WARN_DOCUMENTATION_COMMENTS = YES;
				CLANG_WARN_EMPTY_BODY = YES;
				CLANG_WARN_ENUM_CONVERSION = YES;
				CLANG_WARN_INFINITE_RECURSION = YES;
				CLANG_WARN_INT_CONVERSION = YES;
				CLANG_WARN_OBJC_ROOT_CLASS = YES_ERROR;
				CLANG_WARN_SUSPICIOUS_MOVE = YES;
				CLANG_WARN_UNREACHABLE_CODE = YES;
				CLANG_WARN__DUPLICATE_METHOD_MATCH = YES;
				"CODE_SIGN_IDENTITY[sdk=iphoneos*]" = "iPhone Developer";
				COPY_PHASE_STRIP = NO;
				DEBUG_INFORMATION_FORMAT = "dwarf-with-dsym";
				ENABLE_NS_ASSERTIONS = NO;
				ENABLE_STRICT_OBJC_MSGSEND = YES;
				GCC_C_LANGUAGE_STANDARD = gnu99;
				GCC_NO_COMMON_BLOCKS = YES;
				GCC_WARN_64_TO_32_BIT_CONVERSION = YES;
				GCC_WARN_ABOUT_RETURN_TYPE = YES_ERROR;
				GCC_WARN_UNDECLARED_SELECTOR = YES;
				GCC_WARN_UNINITIALIZED_AUTOS = YES_AGGRESSIVE;
				GCC_WARN_UNUSED_FUNCTION = YES;
				GCC_WARN_UNUSED_VARIABLE = YES;
				IPHONEOS_DEPLOYMENT_TARGET = 10.3;
				MTL_ENABLE_DEBUG_INFO = NO;
				SDKROOT = iphoneos;
				SWIFT_OPTIMIZATION_LEVEL = "-Owholemodule";
				VALIDATE_PRODUCT = YES;
			};
			name = Release;
		};
		C2DF3EB31EBDD44700A1B507 /* Debug */ = {
			isa = XCBuildConfiguration;
			buildSettings = {
				ASSETCATALOG_COMPILER_APPICON_NAME = AppIcon;
				CODE_SIGN_STYLE = Manual;
				DEVELOPMENT_TEAM = 299MFJ63GP;
				INFOPLIST_FILE = BTCenteralDemo/Info.plist;
				IPHONEOS_DEPLOYMENT_TARGET = 9.0;
				LD_RUNPATH_SEARCH_PATHS = "$(inherited) @executable_path/Frameworks";
				PRODUCT_BUNDLE_IDENTIFIER = com.tencent.teg.BTCenteralDemo;
				PRODUCT_NAME = "$(TARGET_NAME)";
				PROVISIONING_PROFILE_SPECIFIER = common_dev;
				SWIFT_VERSION = 5.0;
			};
			name = Debug;
		};
		C2DF3EB41EBDD44700A1B507 /* Release */ = {
			isa = XCBuildConfiguration;
			buildSettings = {
				ASSETCATALOG_COMPILER_APPICON_NAME = AppIcon;
				CODE_SIGN_STYLE = Manual;
				DEVELOPMENT_TEAM = "";
				INFOPLIST_FILE = BTCenteralDemo/Info.plist;
				IPHONEOS_DEPLOYMENT_TARGET = 9.0;
				LD_RUNPATH_SEARCH_PATHS = "$(inherited) @executable_path/Frameworks";
				PRODUCT_BUNDLE_IDENTIFIER = com.tencent.teg.BTCenteralDemo;
				PRODUCT_NAME = "$(TARGET_NAME)";
				PROVISIONING_PROFILE_SPECIFIER = "";
				SWIFT_VERSION = 5.0;
			};
			name = Release;
		};
/* End XCBuildConfiguration section */

/* Begin XCConfigurationList section */
		C2DF3E9B1EBDD44700A1B507 /* Build configuration list for PBXProject "BTCenteralDemo" */ = {
			isa = XCConfigurationList;
			buildConfigurations = (
				C2DF3EB01EBDD44700A1B507 /* Debug */,
				C2DF3EB11EBDD44700A1B507 /* Release */,
			);
			defaultConfigurationIsVisible = 0;
			defaultConfigurationName = Release;
		};
		C2DF3EB21EBDD44700A1B507 /* Build configuration list for PBXNativeTarget "BTCenteralDemo" */ = {
			isa = XCConfigurationList;
			buildConfigurations = (
				C2DF3EB31EBDD44700A1B507 /* Debug */,
				C2DF3EB41EBDD44700A1B507 /* Release */,
			);
			defaultConfigurationIsVisible = 0;
			defaultConfigurationName = Release;
		};
/* End XCConfigurationList section */
	};
	rootObject = C2DF3E981EBDD44700A1B507 /* Project object */;
}
