// !$*UTF8*$!
{
	archiveVersion = 1;
	classes = {
	};
	objectVersion = 46;
	objects = {

/* Begin PBXBuildFile section */
		3C702DA21C96EA4F00D4747B /* main.swift in Sources */ = {isa = PBXBuildFile; fileRef = 3C702DA11C96EA4F00D4747B /* main.swift */; };
		3C702DA91C96EA7100D4747B /* Singleton.swift in Sources */ = {isa = PBXBuildFile; fileRef = 3C702DA81C96EA7100D4747B /* Singleton.swift */; };
/* End PBXBuildFile section */

/* Begin PBXCopyFilesBuildPhase section */
		3C702D9C1C96EA4E00D4747B /* CopyFiles */ = {
			isa = PBXCopyFilesBuildPhase;
			buildActionMask = 2147483647;
			dstPath = /usr/share/man/man1/;
			dstSubfolderSpec = 0;
			files = (
			);
			runOnlyForDeploymentPostprocessing = 1;
		};
/* End PBXCopyFilesBuildPhase section */

/* Begin PBXFileReference section */
		3C702D9E1C96EA4F00D4747B /* SingletonPatterDemo */ = {isa = PBXFileReference; explicitFileType = "compiled.mach-o.executable"; includeInIndex = 0; path = SingletonPatterDemo; sourceTree = BUILT_PRODUCTS_DIR; };
		3C702DA11C96EA4F00D4747B /* main.swift */ = {isa = PBXFileReference; lastKnownFileType = sourcecode.swift; path = main.swift; sourceTree = "<group>"; };
		3C702DA81C96EA7100D4747B /* Singleton.swift */ = {isa = PBXFileReference; fileEncoding = 4; lastKnownFileType = sourcecode.swift; path = Singleton.swift; sourceTree = "<group>"; };
/* End PBXFileReference section */

/* Begin PBXFrameworksBuildPhase section */
		3C702D9B1C96EA4E00D4747B /* Frameworks */ = {
			isa = PBXFrameworksBuildPhase;
			buildActionMask = 2147483647;
			files = (
			);
			runOnlyForDeploymentPostprocessing = 0;
		};
/* End PBXFrameworksBuildPhase section */

/* Begin PBXGroup section */
		3C702D951C96EA4E00D4747B = {
			isa = PBXGroup;
			children = (
				3C702DA01C96EA4F00D4747B /* SingletonPatterDemo */,
				3C702D9F1C96EA4F00D4747B /* Products */,
			);
			sourceTree = "<group>";
		};
		3C702D9F1C96EA4F00D4747B /* Products */ = {
			isa = PBXGroup;
			children = (
				3C702D9E1C96EA4F00D4747B /* SingletonPatterDemo */,
			);
			name = Products;
			sourceTree = "<group>";
		};
		3C702DA01C96EA4F00D4747B /* SingletonPatterDemo */ = {
			isa = PBXGroup;
			children = (
				3C702DA11C96EA4F00D4747B /* main.swift */,
				3C702DA81C96EA7100D4747B /* Singleton.swift */,
			);
			path = SingletonPatterDemo;
			sourceTree = "<group>";
		};
/* End PBXGroup section */

/* Begin PBXNativeTarget section */
		3C702D9D1C96EA4E00D4747B /* SingletonPatterDemo */ = {
			isa = PBXNativeTarget;
			buildConfigurationList = 3C702DA51C96EA4F00D4747B /* Build configuration list for PBXNativeTarget "SingletonPatterDemo" */;
			buildPhases = (
				3C702D9A1C96EA4E00D4747B /* Sources */,
				3C702D9B1C96EA4E00D4747B /* Frameworks */,
				3C702D9C1C96EA4E00D4747B /* CopyFiles */,
			);
			buildRules = (
			);
			dependencies = (
			);
			name = SingletonPatterDemo;
			productName = SingletonPatterDemo;
			productReference = 3C702D9E1C96EA4F00D4747B /* SingletonPatterDemo */;
			productType = "com.apple.product-type.tool";
		};
/* End PBXNativeTarget section */

/* Begin PBXProject section */
		3C702D961C96EA4E00D4747B /* Project object */ = {
			isa = PBXProject;
			attributes = {
				LastSwiftUpdateCheck = 0720;
				LastUpgradeCheck = 0720;
				ORGANIZATIONNAME = forwardto9;
				TargetAttributes = {
					3C702D9D1C96EA4E00D4747B = {
						CreatedOnToolsVersion = 7.2.1;
					};
				};
			};
			buildConfigurationList = 3C702D991C96EA4E00D4747B /* Build configuration list for PBXProject "SingletonPatterDemo" */;
			compatibilityVersion = "Xcode 3.2";
			developmentRegion = English;
			hasScannedForEncodings = 0;
			knownRegions = (
				en,
			);
			mainGroup = 3C702D951C96EA4E00D4747B;
			productRefGroup = 3C702D9F1C96EA4F00D4747B /* Products */;
			projectDirPath = "";
			projectRoot = "";
			targets = (
				3C702D9D1C96EA4E00D4747B /* SingletonPatterDemo */,
			);
		};
/* End PBXProject section */

/* Begin PBXSourcesBuildPhase section */
		3C702D9A1C96EA4E00D4747B /* Sources */ = {
			isa = PBXSourcesBuildPhase;
			buildActionMask = 2147483647;
			files = (
				3C702DA21C96EA4F00D4747B /* main.swift in Sources */,
				3C702DA91C96EA7100D4747B /* Singleton.swift in Sources */,
			);
			runOnlyForDeploymentPostprocessing = 0;
		};
/* End PBXSourcesBuildPhase section */

/* Begin XCBuildConfiguration section */
		3C702DA31C96EA4F00D4747B /* Debug */ = {
			isa = XCBuildConfiguration;
			buildSettings = {
				ALWAYS_SEARCH_USER_PATHS = NO;
				CLANG_CXX_LANGUAGE_STANDARD = "gnu++0x";
				CLANG_CXX_LIBRARY = "libc++";
				CLANG_ENABLE_MODULES = YES;
				CLANG_ENABLE_OBJC_ARC = YES;
				CLANG_WARN_BOOL_CONVERSION = YES;
				CLANG_WARN_CONSTANT_CONVERSION = YES;
				CLANG_WARN_DIRECT_OBJC_ISA_USAGE = YES_ERROR;
				CLANG_WARN_EMPTY_BODY = YES;
				CLANG_WARN_ENUM_CONVERSION = YES;
				CLANG_WARN_INT_CONVERSION = YES;
				CLANG_WARN_OBJC_ROOT_CLASS = YES_ERROR;
				CLANG_WARN_UNREACHABLE_CODE = YES;
				CLANG_WARN__DUPLICATE_METHOD_MATCH = YES;
				CODE_SIGN_IDENTITY = "-";
				COPY_PHASE_STRIP = NO;
				DEBUG_INFORMATION_FORMAT = dwarf;
				ENABLE_STRICT_OBJC_MSGSEND = YES;
				ENABLE_TESTABILITY = YES;
				GCC_C_LANGUAGE_STANDARD = gnu99;
				GCC_DYNAMIC_NO_PIC = NO;
				GCC_NO_COMMON_BLOCKS = YES;
				GCC_OPTIMIZATION_LEVEL = 0;
				GCC_PREPROCESSOR_DEFINITIONS = (
					"DEBUG=1",
					"$(inherited)",
				);
				GCC_WARN_64_TO_32_BIT_CONVERSION = YES;
				GCC_WARN_ABOUT_RETURN_TYPE = YES_ERROR;
				GCC_WARN_UNDECLARED_SELECTOR = YES;
				GCC_WARN_UNINITIALIZED_AUTOS = YES_AGGRESSIVE;
				GCC_WARN_UNUSED_FUNCTION = YES;
				GCC_WARN_UNUSED_VARIABLE = YES;
				MACOSX_DEPLOYMENT_TARGET = 10.11;
				MTL_ENABLE_DEBUG_INFO = YES;
				ONLY_ACTIVE_ARCH = YES;
				SDKROOT = macosx;
				SWIFT_OPTIMIZATION_LEVEL = "-Onone";
			};
			name = Debug;
		};
		3C702DA41C96EA4F00D4747B /* Release */ = {
			isa = XCBuildConfiguration;
			buildSettings = {
				ALWAYS_SEARCH_USER_PATHS = NO;
				CLANG_CXX_LANGUAGE_STANDARD = "gnu++0x";
				CLANG_CXX_LIBRARY = "libc++";
				CLANG_ENABLE_MODULES = YES;
				CLANG_ENABLE_OBJC_ARC = YES;
				CLANG_WARN_BOOL_CONVERSION = YES;
				CLANG_WARN_CONSTANT_CONVERSION = YES;
				CLANG_WARN_DIRECT_OBJC_ISA_USAGE = YES_ERROR;
				CLANG_WARN_EMPTY_BODY = YES;
				CLANG_WARN_ENUM_CONVERSION = YES;
				CLANG_WARN_INT_CONVERSION = YES;
				CLANG_WARN_OBJC_ROOT_CLASS = YES_ERROR;
				CLANG_WARN_UNREACHABLE_CODE = YES;
				CLANG_WARN__DUPLICATE_METHOD_MATCH = YES;
				CODE_SIGN_IDENTITY = "-";
				COPY_PHASE_STRIP = NO;
				DEBUG_INFORMATION_FORMAT = "dwarf-with-dsym";
				ENABLE_NS_ASSERTIONS = NO;
				ENABLE_STRICT_OBJC_MSGSEND = YES;
				GCC_C_LANGUAGE_STANDARD = gnu99;
				GCC_NO_COMMON_BLOCKS = YES;
				GCC_WARN_64_TO_32_BIT_CONVERSION = YES;
				GCC_WARN_ABOUT_RETURN_TYPE = YES_ERROR;
				GCC_WARN_UNDECLARED_SELECTOR = YES;
				GCC_WARN_UNINITIALIZED_AUTOS = YES_AGGRESSIVE;
				GCC_WARN_UNUSED_FUNCTION = YES;
				GCC_WARN_UNUSED_VARIABLE = YES;
				MACOSX_DEPLOYMENT_TARGET = 10.11;
				MTL_ENABLE_DEBUG_INFO = NO;
				SDKROOT = macosx;
			};
			name = Release;
		};
		3C702DA61C96EA4F00D4747B /* Debug */ = {
			isa = XCBuildConfiguration;
			buildSettings = {
				PRODUCT_NAME = "$(TARGET_NAME)";
			};
			name = Debug;
		};
		3C702DA71C96EA4F00D4747B /* Release */ = {
			isa = XCBuildConfiguration;
			buildSettings = {
				PRODUCT_NAME = "$(TARGET_NAME)";
			};
			name = Release;
		};
/* End XCBuildConfiguration section */

/* Begin XCConfigurationList section */
		3C702D991C96EA4E00D4747B /* Build configuration list for PBXProject "SingletonPatterDemo" */ = {
			isa = XCConfigurationList;
			buildConfigurations = (
				3C702DA31C96EA4F00D4747B /* Debug */,
				3C702DA41C96EA4F00D4747B /* Release */,
			);
			defaultConfigurationIsVisible = 0;
			defaultConfigurationName = Release;
		};
		3C702DA51C96EA4F00D4747B /* Build configuration list for PBXNativeTarget "SingletonPatterDemo" */ = {
			isa = XCConfigurationList;
			buildConfigurations = (
				3C702DA61C96EA4F00D4747B /* Debug */,
				3C702DA71C96EA4F00D4747B /* Release */,
			);
			defaultConfigurationIsVisible = 0;
		};
/* End XCConfigurationList section */
	};
	rootObject = 3C702D961C96EA4E00D4747B /* Project object */;
}
