// !$*UTF8*$!
{
	archiveVersion = 1;
	classes = {
	};
	objectVersion = 46;
	objects = {

/* Begin PBXBuildFile section */
		C209287C1D810EF100F741CE /* main.m in Sources */ = {isa = PBXBuildFile; fileRef = C209287B1D810EF100F741CE /* main.m */; };
		C209287F1D810EF100F741CE /* AppDelegate.m in Sources */ = {isa = PBXBuildFile; fileRef = C209287E1D810EF100F741CE /* AppDelegate.m */; };
		C20928821D810EF100F741CE /* ViewController.m in Sources */ = {isa = PBXBuildFile; fileRef = C20928811D810EF100F741CE /* ViewController.m */; };
		C20928851D810EF100F741CE /* Main.storyboard in Resources */ = {isa = PBXBuildFile; fileRef = C20928831D810EF100F741CE /* Main.storyboard */; };
		C20928871D810EF200F741CE /* Assets.xcassets in Resources */ = {isa = PBXBuildFile; fileRef = C20928861D810EF200F741CE /* Assets.xcassets */; };
		C209288A1D810EF200F741CE /* LaunchScreen.storyboard in Resources */ = {isa = PBXBuildFile; fileRef = C20928881D810EF200F741CE /* LaunchScreen.storyboard */; };
		C20928991D81103000F741CE /* IntentHandler.m in Sources */ = {isa = PBXBuildFile; fileRef = C20928981D81103000F741CE /* IntentHandler.m */; };
		C20928A21D81103000F741CE /* IntentsUI.framework in Frameworks */ = {isa = PBXBuildFile; fileRef = C20928A11D81103000F741CE /* IntentsUI.framework */; };
		C20928A61D81103000F741CE /* IntentViewController.m in Sources */ = {isa = PBXBuildFile; fileRef = C20928A51D81103000F741CE /* IntentViewController.m */; };
		C20928A91D81103000F741CE /* MainInterface.storyboard in Resources */ = {isa = PBXBuildFile; fileRef = C20928A71D81103000F741CE /* MainInterface.storyboard */; };
		C20928AD1D81103000F741CE /* SiriKitIntentDemoUI.appex in Embed App Extensions */ = {isa = PBXBuildFile; fileRef = C209289F1D81103000F741CE /* SiriKitIntentDemoUI.appex */; settings = {ATTRIBUTES = (RemoveHeadersOnCopy, ); }; };
		C20928B01D81103000F741CE /* SiriKitIntentDemo.appex in Embed App Extensions */ = {isa = PBXBuildFile; fileRef = C20928951D81103000F741CE /* SiriKitIntentDemo.appex */; settings = {ATTRIBUTES = (RemoveHeadersOnCopy, ); }; };
/* End PBXBuildFile section */

/* Begin PBXContainerItemProxy section */
		C20928AB1D81103000F741CE /* PBXContainerItemProxy */ = {
			isa = PBXContainerItemProxy;
			containerPortal = C209286F1D810EF100F741CE /* Project object */;
			proxyType = 1;
			remoteGlobalIDString = C209289E1D81103000F741CE;
			remoteInfo = SiriKitIntentDemoUI;
		};
		C20928AE1D81103000F741CE /* PBXContainerItemProxy */ = {
			isa = PBXContainerItemProxy;
			containerPortal = C209286F1D810EF100F741CE /* Project object */;
			proxyType = 1;
			remoteGlobalIDString = C20928941D81103000F741CE;
			remoteInfo = SiriKitIntentDemo;
		};
/* End PBXContainerItemProxy section */

/* Begin PBXCopyFilesBuildPhase section */
		C20928B71D81103000F741CE /* Embed App Extensions */ = {
			isa = PBXCopyFilesBuildPhase;
			buildActionMask = 2147483647;
			dstPath = "";
			dstSubfolderSpec = 13;
			files = (
				C20928AD1D81103000F741CE /* SiriKitIntentDemoUI.appex in Embed App Extensions */,
				C20928B01D81103000F741CE /* SiriKitIntentDemo.appex in Embed App Extensions */,
			);
			name = "Embed App Extensions";
			runOnlyForDeploymentPostprocessing = 0;
		};
/* End PBXCopyFilesBuildPhase section */

/* Begin PBXFileReference section */
		C20928771D810EF100F741CE /* MessageAssistant.app */ = {isa = PBXFileReference; explicitFileType = wrapper.application; includeInIndex = 0; path = MessageAssistant.app; sourceTree = BUILT_PRODUCTS_DIR; };
		C209287B1D810EF100F741CE /* main.m */ = {isa = PBXFileReference; lastKnownFileType = sourcecode.c.objc; path = main.m; sourceTree = "<group>"; };
		C209287D1D810EF100F741CE /* AppDelegate.h */ = {isa = PBXFileReference; lastKnownFileType = sourcecode.c.h; path = AppDelegate.h; sourceTree = "<group>"; };
		C209287E1D810EF100F741CE /* AppDelegate.m */ = {isa = PBXFileReference; lastKnownFileType = sourcecode.c.objc; path = AppDelegate.m; sourceTree = "<group>"; };
		C20928801D810EF100F741CE /* ViewController.h */ = {isa = PBXFileReference; lastKnownFileType = sourcecode.c.h; path = ViewController.h; sourceTree = "<group>"; };
		C20928811D810EF100F741CE /* ViewController.m */ = {isa = PBXFileReference; lastKnownFileType = sourcecode.c.objc; path = ViewController.m; sourceTree = "<group>"; };
		C20928841D810EF100F741CE /* Base */ = {isa = PBXFileReference; lastKnownFileType = file.storyboard; name = Base; path = Base.lproj/Main.storyboard; sourceTree = "<group>"; };
		C20928861D810EF200F741CE /* Assets.xcassets */ = {isa = PBXFileReference; lastKnownFileType = folder.assetcatalog; path = Assets.xcassets; sourceTree = "<group>"; };
		C20928891D810EF200F741CE /* Base */ = {isa = PBXFileReference; lastKnownFileType = file.storyboard; name = Base; path = Base.lproj/LaunchScreen.storyboard; sourceTree = "<group>"; };
		C209288B1D810EF200F741CE /* Info.plist */ = {isa = PBXFileReference; lastKnownFileType = text.plist.xml; path = Info.plist; sourceTree = "<group>"; };
		C20928951D81103000F741CE /* SiriKitIntentDemo.appex */ = {isa = PBXFileReference; explicitFileType = "wrapper.app-extension"; includeInIndex = 0; path = SiriKitIntentDemo.appex; sourceTree = BUILT_PRODUCTS_DIR; };
		C20928971D81103000F741CE /* IntentHandler.h */ = {isa = PBXFileReference; lastKnownFileType = sourcecode.c.h; path = IntentHandler.h; sourceTree = "<group>"; };
		C20928981D81103000F741CE /* IntentHandler.m */ = {isa = PBXFileReference; lastKnownFileType = sourcecode.c.objc; path = IntentHandler.m; sourceTree = "<group>"; };
		C209289A1D81103000F741CE /* Info.plist */ = {isa = PBXFileReference; lastKnownFileType = text.plist.xml; path = Info.plist; sourceTree = "<group>"; };
		C209289F1D81103000F741CE /* SiriKitIntentDemoUI.appex */ = {isa = PBXFileReference; explicitFileType = "wrapper.app-extension"; includeInIndex = 0; path = SiriKitIntentDemoUI.appex; sourceTree = BUILT_PRODUCTS_DIR; };
		C20928A11D81103000F741CE /* IntentsUI.framework */ = {isa = PBXFileReference; lastKnownFileType = wrapper.framework; name = IntentsUI.framework; path = System/Library/Frameworks/IntentsUI.framework; sourceTree = SDKROOT; };
		C20928A41D81103000F741CE /* IntentViewController.h */ = {isa = PBXFileReference; lastKnownFileType = sourcecode.c.h; path = IntentViewController.h; sourceTree = "<group>"; };
		C20928A51D81103000F741CE /* IntentViewController.m */ = {isa = PBXFileReference; lastKnownFileType = sourcecode.c.objc; path = IntentViewController.m; sourceTree = "<group>"; };
		C20928A81D81103000F741CE /* Base */ = {isa = PBXFileReference; lastKnownFileType = file.storyboard; name = Base; path = Base.lproj/MainInterface.storyboard; sourceTree = "<group>"; };
		C20928AA1D81103000F741CE /* Info.plist */ = {isa = PBXFileReference; lastKnownFileType = text.plist.xml; path = Info.plist; sourceTree = "<group>"; };
		C287E0AC1D8153C8000D609E /* MessageAssistant.entitlements */ = {isa = PBXFileReference; lastKnownFileType = text.plist.entitlements; path = MessageAssistant.entitlements; sourceTree = "<group>"; };
/* End PBXFileReference section */

/* Begin PBXFrameworksBuildPhase section */
		C20928741D810EF100F741CE /* Frameworks */ = {
			isa = PBXFrameworksBuildPhase;
			buildActionMask = 2147483647;
			files = (
			);
			runOnlyForDeploymentPostprocessing = 0;
		};
		C20928921D81103000F741CE /* Frameworks */ = {
			isa = PBXFrameworksBuildPhase;
			buildActionMask = 2147483647;
			files = (
			);
			runOnlyForDeploymentPostprocessing = 0;
		};
		C209289C1D81103000F741CE /* Frameworks */ = {
			isa = PBXFrameworksBuildPhase;
			buildActionMask = 2147483647;
			files = (
				C20928A21D81103000F741CE /* IntentsUI.framework in Frameworks */,
			);
			runOnlyForDeploymentPostprocessing = 0;
		};
/* End PBXFrameworksBuildPhase section */

/* Begin PBXGroup section */
		C209286E1D810EF100F741CE = {
			isa = PBXGroup;
			children = (
				C20928791D810EF100F741CE /* MessageAssistant */,
				C20928961D81103000F741CE /* SiriKitIntentDemo */,
				C20928A31D81103000F741CE /* SiriKitIntentDemoUI */,
				C20928A01D81103000F741CE /* Frameworks */,
				C20928781D810EF100F741CE /* Products */,
			);
			sourceTree = "<group>";
		};
		C20928781D810EF100F741CE /* Products */ = {
			isa = PBXGroup;
			children = (
				C20928771D810EF100F741CE /* MessageAssistant.app */,
				C20928951D81103000F741CE /* SiriKitIntentDemo.appex */,
				C209289F1D81103000F741CE /* SiriKitIntentDemoUI.appex */,
			);
			name = Products;
			sourceTree = "<group>";
		};
		C20928791D810EF100F741CE /* MessageAssistant */ = {
			isa = PBXGroup;
			children = (
				C287E0AC1D8153C8000D609E /* MessageAssistant.entitlements */,
				C209287D1D810EF100F741CE /* AppDelegate.h */,
				C209287E1D810EF100F741CE /* AppDelegate.m */,
				C20928801D810EF100F741CE /* ViewController.h */,
				C20928811D810EF100F741CE /* ViewController.m */,
				C20928831D810EF100F741CE /* Main.storyboard */,
				C20928861D810EF200F741CE /* Assets.xcassets */,
				C20928881D810EF200F741CE /* LaunchScreen.storyboard */,
				C209288B1D810EF200F741CE /* Info.plist */,
				C209287A1D810EF100F741CE /* Supporting Files */,
			);
			path = MessageAssistant;
			sourceTree = "<group>";
		};
		C209287A1D810EF100F741CE /* Supporting Files */ = {
			isa = PBXGroup;
			children = (
				C209287B1D810EF100F741CE /* main.m */,
			);
			name = "Supporting Files";
			sourceTree = "<group>";
		};
		C20928961D81103000F741CE /* SiriKitIntentDemo */ = {
			isa = PBXGroup;
			children = (
				C20928971D81103000F741CE /* IntentHandler.h */,
				C20928981D81103000F741CE /* IntentHandler.m */,
				C209289A1D81103000F741CE /* Info.plist */,
			);
			path = SiriKitIntentDemo;
			sourceTree = "<group>";
		};
		C20928A01D81103000F741CE /* Frameworks */ = {
			isa = PBXGroup;
			children = (
				C20928A11D81103000F741CE /* IntentsUI.framework */,
			);
			name = Frameworks;
			sourceTree = "<group>";
		};
		C20928A31D81103000F741CE /* SiriKitIntentDemoUI */ = {
			isa = PBXGroup;
			children = (
				C20928A41D81103000F741CE /* IntentViewController.h */,
				C20928A51D81103000F741CE /* IntentViewController.m */,
				C20928A71D81103000F741CE /* MainInterface.storyboard */,
				C20928AA1D81103000F741CE /* Info.plist */,
			);
			path = SiriKitIntentDemoUI;
			sourceTree = "<group>";
		};
/* End PBXGroup section */

/* Begin PBXNativeTarget section */
		C20928761D810EF100F741CE /* MessageAssistant */ = {
			isa = PBXNativeTarget;
			buildConfigurationList = C209288E1D810EF200F741CE /* Build configuration list for PBXNativeTarget "MessageAssistant" */;
			buildPhases = (
				C20928731D810EF100F741CE /* Sources */,
				C20928741D810EF100F741CE /* Frameworks */,
				C20928751D810EF100F741CE /* Resources */,
				C20928B71D81103000F741CE /* Embed App Extensions */,
			);
			buildRules = (
			);
			dependencies = (
				C20928AC1D81103000F741CE /* PBXTargetDependency */,
				C20928AF1D81103000F741CE /* PBXTargetDependency */,
			);
			name = MessageAssistant;
			productName = MessageAssistant;
			productReference = C20928771D810EF100F741CE /* MessageAssistant.app */;
			productType = "com.apple.product-type.application";
		};
		C20928941D81103000F741CE /* SiriKitIntentDemo */ = {
			isa = PBXNativeTarget;
			buildConfigurationList = C20928B41D81103000F741CE /* Build configuration list for PBXNativeTarget "SiriKitIntentDemo" */;
			buildPhases = (
				C20928911D81103000F741CE /* Sources */,
				C20928921D81103000F741CE /* Frameworks */,
				C20928931D81103000F741CE /* Resources */,
			);
			buildRules = (
			);
			dependencies = (
			);
			name = SiriKitIntentDemo;
			productName = SiriKitIntentDemo;
			productReference = C20928951D81103000F741CE /* SiriKitIntentDemo.appex */;
			productType = "com.apple.product-type.app-extension";
		};
		C209289E1D81103000F741CE /* SiriKitIntentDemoUI */ = {
			isa = PBXNativeTarget;
			buildConfigurationList = C20928B11D81103000F741CE /* Build configuration list for PBXNativeTarget "SiriKitIntentDemoUI" */;
			buildPhases = (
				C209289B1D81103000F741CE /* Sources */,
				C209289C1D81103000F741CE /* Frameworks */,
				C209289D1D81103000F741CE /* Resources */,
			);
			buildRules = (
			);
			dependencies = (
			);
			name = SiriKitIntentDemoUI;
			productName = SiriKitIntentDemoUI;
			productReference = C209289F1D81103000F741CE /* SiriKitIntentDemoUI.appex */;
			productType = "com.apple.product-type.app-extension";
		};
/* End PBXNativeTarget section */

/* Begin PBXProject section */
		C209286F1D810EF100F741CE /* Project object */ = {
			isa = PBXProject;
			attributes = {
				LastUpgradeCheck = 0800;
				ORGANIZATIONNAME = Tencent;
				TargetAttributes = {
					C20928761D810EF100F741CE = {
						CreatedOnToolsVersion = 8.0;
						DevelopmentTeam = 299MFJ63GP;
						DevelopmentTeamName = "guo dong li";
						ProvisioningStyle = Manual;
						SystemCapabilities = {
							com.apple.Siri = {
								enabled = 1;
							};
						};
					};
					C20928941D81103000F741CE = {
						CreatedOnToolsVersion = 8.0;
						DevelopmentTeam = 299MFJ63GP;
						DevelopmentTeamName = "guo dong li";
						ProvisioningStyle = Automatic;
					};
					C209289E1D81103000F741CE = {
						CreatedOnToolsVersion = 8.0;
						DevelopmentTeam = 299MFJ63GP;
						DevelopmentTeamName = "guo dong li";
						ProvisioningStyle = Automatic;
					};
				};
			};
			buildConfigurationList = C20928721D810EF100F741CE /* Build configuration list for PBXProject "MessageAssistant" */;
			compatibilityVersion = "Xcode 3.2";
			developmentRegion = English;
			hasScannedForEncodings = 0;
			knownRegions = (
				en,
				Base,
			);
			mainGroup = C209286E1D810EF100F741CE;
			productRefGroup = C20928781D810EF100F741CE /* Products */;
			projectDirPath = "";
			projectRoot = "";
			targets = (
				C20928761D810EF100F741CE /* MessageAssistant */,
				C20928941D81103000F741CE /* SiriKitIntentDemo */,
				C209289E1D81103000F741CE /* SiriKitIntentDemoUI */,
			);
		};
/* End PBXProject section */

/* Begin PBXResourcesBuildPhase section */
		C20928751D810EF100F741CE /* Resources */ = {
			isa = PBXResourcesBuildPhase;
			buildActionMask = 2147483647;
			files = (
				C209288A1D810EF200F741CE /* LaunchScreen.storyboard in Resources */,
				C20928871D810EF200F741CE /* Assets.xcassets in Resources */,
				C20928851D810EF100F741CE /* Main.storyboard in Resources */,
			);
			runOnlyForDeploymentPostprocessing = 0;
		};
		C20928931D81103000F741CE /* Resources */ = {
			isa = PBXResourcesBuildPhase;
			buildActionMask = 2147483647;
			files = (
			);
			runOnlyForDeploymentPostprocessing = 0;
		};
		C209289D1D81103000F741CE /* Resources */ = {
			isa = PBXResourcesBuildPhase;
			buildActionMask = 2147483647;
			files = (
				C20928A91D81103000F741CE /* MainInterface.storyboard in Resources */,
			);
			runOnlyForDeploymentPostprocessing = 0;
		};
/* End PBXResourcesBuildPhase section */

/* Begin PBXSourcesBuildPhase section */
		C20928731D810EF100F741CE /* Sources */ = {
			isa = PBXSourcesBuildPhase;
			buildActionMask = 2147483647;
			files = (
				C20928821D810EF100F741CE /* ViewController.m in Sources */,
				C209287F1D810EF100F741CE /* AppDelegate.m in Sources */,
				C209287C1D810EF100F741CE /* main.m in Sources */,
			);
			runOnlyForDeploymentPostprocessing = 0;
		};
		C20928911D81103000F741CE /* Sources */ = {
			isa = PBXSourcesBuildPhase;
			buildActionMask = 2147483647;
			files = (
				C20928991D81103000F741CE /* IntentHandler.m in Sources */,
			);
			runOnlyForDeploymentPostprocessing = 0;
		};
		C209289B1D81103000F741CE /* Sources */ = {
			isa = PBXSourcesBuildPhase;
			buildActionMask = 2147483647;
			files = (
				C20928A61D81103000F741CE /* IntentViewController.m in Sources */,
			);
			runOnlyForDeploymentPostprocessing = 0;
		};
/* End PBXSourcesBuildPhase section */

/* Begin PBXTargetDependency section */
		C20928AC1D81103000F741CE /* PBXTargetDependency */ = {
			isa = PBXTargetDependency;
			target = C209289E1D81103000F741CE /* SiriKitIntentDemoUI */;
			targetProxy = C20928AB1D81103000F741CE /* PBXContainerItemProxy */;
		};
		C20928AF1D81103000F741CE /* PBXTargetDependency */ = {
			isa = PBXTargetDependency;
			target = C20928941D81103000F741CE /* SiriKitIntentDemo */;
			targetProxy = C20928AE1D81103000F741CE /* PBXContainerItemProxy */;
		};
/* End PBXTargetDependency section */

/* Begin PBXVariantGroup section */
		C20928831D810EF100F741CE /* Main.storyboard */ = {
			isa = PBXVariantGroup;
			children = (
				C20928841D810EF100F741CE /* Base */,
			);
			name = Main.storyboard;
			sourceTree = "<group>";
		};
		C20928881D810EF200F741CE /* LaunchScreen.storyboard */ = {
			isa = PBXVariantGroup;
			children = (
				C20928891D810EF200F741CE /* Base */,
			);
			name = LaunchScreen.storyboard;
			sourceTree = "<group>";
		};
		C20928A71D81103000F741CE /* MainInterface.storyboard */ = {
			isa = PBXVariantGroup;
			children = (
				C20928A81D81103000F741CE /* Base */,
			);
			name = MainInterface.storyboard;
			sourceTree = "<group>";
		};
/* End PBXVariantGroup section */

/* Begin XCBuildConfiguration section */
		C209288C1D810EF200F741CE /* Debug */ = {
			isa = XCBuildConfiguration;
			buildSettings = {
				ALWAYS_SEARCH_USER_PATHS = NO;
				CLANG_ANALYZER_NONNULL = YES;
				CLANG_CXX_LANGUAGE_STANDARD = "gnu++0x";
				CLANG_CXX_LIBRARY = "libc++";
				CLANG_ENABLE_MODULES = YES;
				CLANG_ENABLE_OBJC_ARC = YES;
				CLANG_WARN_BOOL_CONVERSION = YES;
				CLANG_WARN_CONSTANT_CONVERSION = YES;
				CLANG_WARN_DIRECT_OBJC_ISA_USAGE = YES_ERROR;
				CLANG_WARN_DOCUMENTATION_COMMENTS = YES;
				CLANG_WARN_EMPTY_BODY = YES;
				CLANG_WARN_ENUM_CONVERSION = YES;
				CLANG_WARN_INT_CONVERSION = YES;
				CLANG_WARN_OBJC_ROOT_CLASS = YES_ERROR;
				CLANG_WARN_UNREACHABLE_CODE = YES;
				CLANG_WARN__DUPLICATE_METHOD_MATCH = YES;
				"CODE_SIGN_IDENTITY[sdk=iphoneos*]" = "iPhone Developer";
				COPY_PHASE_STRIP = NO;
				DEBUG_INFORMATION_FORMAT = dwarf;
				ENABLE_STRICT_OBJC_MSGSEND = YES;
				ENABLE_TESTABILITY = YES;
				GCC_C_LANGUAGE_STANDARD = gnu99;
				GCC_DYNAMIC_NO_PIC = NO;
				GCC_NO_COMMON_BLOCKS = YES;
				GCC_OPTIMIZATION_LEVEL = 0;
				GCC_PREPROCESSOR_DEFINITIONS = (
					"DEBUG=1",
					"$(inherited)",
				);
				GCC_WARN_64_TO_32_BIT_CONVERSION = YES;
				GCC_WARN_ABOUT_RETURN_TYPE = YES_ERROR;
				GCC_WARN_UNDECLARED_SELECTOR = YES;
				GCC_WARN_UNINITIALIZED_AUTOS = YES_AGGRESSIVE;
				GCC_WARN_UNUSED_FUNCTION = YES;
				GCC_WARN_UNUSED_VARIABLE = YES;
				IPHONEOS_DEPLOYMENT_TARGET = 10.0;
				MTL_ENABLE_DEBUG_INFO = YES;
				ONLY_ACTIVE_ARCH = YES;
				SDKROOT = iphoneos;
				TARGETED_DEVICE_FAMILY = 2;
			};
			name = Debug;
		};
		C209288D1D810EF200F741CE /* Release */ = {
			isa = XCBuildConfiguration;
			buildSettings = {
				ALWAYS_SEARCH_USER_PATHS = NO;
				CLANG_ANALYZER_NONNULL = YES;
				CLANG_CXX_LANGUAGE_STANDARD = "gnu++0x";
				CLANG_CXX_LIBRARY = "libc++";
				CLANG_ENABLE_MODULES = YES;
				CLANG_ENABLE_OBJC_ARC = YES;
				CLANG_WARN_BOOL_CONVERSION = YES;
				CLANG_WARN_CONSTANT_CONVERSION = YES;
				CLANG_WARN_DIRECT_OBJC_ISA_USAGE = YES_ERROR;
				CLANG_WARN_DOCUMENTATION_COMMENTS = YES;
				CLANG_WARN_EMPTY_BODY = YES;
				CLANG_WARN_ENUM_CONVERSION = YES;
				CLANG_WARN_INT_CONVERSION = YES;
				CLANG_WARN_OBJC_ROOT_CLASS = YES_ERROR;
				CLANG_WARN_UNREACHABLE_CODE = YES;
				CLANG_WARN__DUPLICATE_METHOD_MATCH = YES;
				"CODE_SIGN_IDENTITY[sdk=iphoneos*]" = "iPhone Developer";
				COPY_PHASE_STRIP = NO;
				DEBUG_INFORMATION_FORMAT = "dwarf-with-dsym";
				ENABLE_NS_ASSERTIONS = NO;
				ENABLE_STRICT_OBJC_MSGSEND = YES;
				GCC_C_LANGUAGE_STANDARD = gnu99;
				GCC_NO_COMMON_BLOCKS = YES;
				GCC_WARN_64_TO_32_BIT_CONVERSION = YES;
				GCC_WARN_ABOUT_RETURN_TYPE = YES_ERROR;
				GCC_WARN_UNDECLARED_SELECTOR = YES;
				GCC_WARN_UNINITIALIZED_AUTOS = YES_AGGRESSIVE;
				GCC_WARN_UNUSED_FUNCTION = YES;
				GCC_WARN_UNUSED_VARIABLE = YES;
				IPHONEOS_DEPLOYMENT_TARGET = 10.0;
				MTL_ENABLE_DEBUG_INFO = NO;
				SDKROOT = iphoneos;
				TARGETED_DEVICE_FAMILY = 2;
				VALIDATE_PRODUCT = YES;
			};
			name = Release;
		};
		C209288F1D810EF200F741CE /* Debug */ = {
			isa = XCBuildConfiguration;
			buildSettings = {
				ASSETCATALOG_COMPILER_APPICON_NAME = AppIcon;
				CODE_SIGN_ENTITLEMENTS = MessageAssistant/MessageAssistant.entitlements;
				DEVELOPMENT_TEAM = 299MFJ63GP;
				INFOPLIST_FILE = MessageAssistant/Info.plist;
				LD_RUNPATH_SEARCH_PATHS = "$(inherited) @executable_path/Frameworks";
				PRODUCT_BUNDLE_IDENTIFIER = com.tencent.teg.MessageAssistant;
				PRODUCT_NAME = "$(TARGET_NAME)";
				PROVISIONING_PROFILE = "4d49042e-104e-4586-adab-853713f11dd4";
				PROVISIONING_PROFILE_SPECIFIER = "teg-common-dev";
				TARGETED_DEVICE_FAMILY = 1;
			};
			name = Debug;
		};
		C20928901D810EF200F741CE /* Release */ = {
			isa = XCBuildConfiguration;
			buildSettings = {
				ASSETCATALOG_COMPILER_APPICON_NAME = AppIcon;
				CODE_SIGN_ENTITLEMENTS = MessageAssistant/MessageAssistant.entitlements;
				INFOPLIST_FILE = MessageAssistant/Info.plist;
				LD_RUNPATH_SEARCH_PATHS = "$(inherited) @executable_path/Frameworks";
				PRODUCT_BUNDLE_IDENTIFIER = com.tencent.teg.MessageAssistant;
				PRODUCT_NAME = "$(TARGET_NAME)";
				TARGETED_DEVICE_FAMILY = 1;
			};
			name = Release;
		};
		C20928B21D81103000F741CE /* Debug */ = {
			isa = XCBuildConfiguration;
			buildSettings = {
				INFOPLIST_FILE = SiriKitIntentDemoUI/Info.plist;
				LD_RUNPATH_SEARCH_PATHS = "$(inherited) @executable_path/Frameworks @executable_path/../../Frameworks";
				PRODUCT_BUNDLE_IDENTIFIER = com.tencent.teg.MessageAssistant.SiriKitIntentDemoUI;
				PRODUCT_NAME = "$(TARGET_NAME)";
				SKIP_INSTALL = YES;
			};
			name = Debug;
		};
		C20928B31D81103000F741CE /* Release */ = {
			isa = XCBuildConfiguration;
			buildSettings = {
				INFOPLIST_FILE = SiriKitIntentDemoUI/Info.plist;
				LD_RUNPATH_SEARCH_PATHS = "$(inherited) @executable_path/Frameworks @executable_path/../../Frameworks";
				PRODUCT_BUNDLE_IDENTIFIER = com.tencent.teg.MessageAssistant.SiriKitIntentDemoUI;
				PRODUCT_NAME = "$(TARGET_NAME)";
				SKIP_INSTALL = YES;
			};
			name = Release;
		};
		C20928B51D81103000F741CE /* Debug */ = {
			isa = XCBuildConfiguration;
			buildSettings = {
				INFOPLIST_FILE = SiriKitIntentDemo/Info.plist;
				LD_RUNPATH_SEARCH_PATHS = "$(inherited) @executable_path/Frameworks @executable_path/../../Frameworks";
				PRODUCT_BUNDLE_IDENTIFIER = com.tencent.teg.MessageAssistant.SiriKitIntentDemo;
				PRODUCT_NAME = "$(TARGET_NAME)";
				SKIP_INSTALL = YES;
			};
			name = Debug;
		};
		C20928B61D81103000F741CE /* Release */ = {
			isa = XCBuildConfiguration;
			buildSettings = {
				INFOPLIST_FILE = SiriKitIntentDemo/Info.plist;
				LD_RUNPATH_SEARCH_PATHS = "$(inherited) @executable_path/Frameworks @executable_path/../../Frameworks";
				PRODUCT_BUNDLE_IDENTIFIER = com.tencent.teg.MessageAssistant.SiriKitIntentDemo;
				PRODUCT_NAME = "$(TARGET_NAME)";
				SKIP_INSTALL = YES;
			};
			name = Release;
		};
/* End XCBuildConfiguration section */

/* Begin XCConfigurationList section */
		C20928721D810EF100F741CE /* Build configuration list for PBXProject "MessageAssistant" */ = {
			isa = XCConfigurationList;
			buildConfigurations = (
				C209288C1D810EF200F741CE /* Debug */,
				C209288D1D810EF200F741CE /* Release */,
			);
			defaultConfigurationIsVisible = 0;
			defaultConfigurationName = Release;
		};
		C209288E1D810EF200F741CE /* Build configuration list for PBXNativeTarget "MessageAssistant" */ = {
			isa = XCConfigurationList;
			buildConfigurations = (
				C209288F1D810EF200F741CE /* Debug */,
				C20928901D810EF200F741CE /* Release */,
			);
			defaultConfigurationIsVisible = 0;
			defaultConfigurationName = Release;
		};
		C20928B11D81103000F741CE /* Build configuration list for PBXNativeTarget "SiriKitIntentDemoUI" */ = {
			isa = XCConfigurationList;
			buildConfigurations = (
				C20928B21D81103000F741CE /* Debug */,
				C20928B31D81103000F741CE /* Release */,
			);
			defaultConfigurationIsVisible = 0;
			defaultConfigurationName = Release;
		};
		C20928B41D81103000F741CE /* Build configuration list for PBXNativeTarget "SiriKitIntentDemo" */ = {
			isa = XCConfigurationList;
			buildConfigurations = (
				C20928B51D81103000F741CE /* Debug */,
				C20928B61D81103000F741CE /* Release */,
			);
			defaultConfigurationIsVisible = 0;
			defaultConfigurationName = Release;
		};
/* End XCConfigurationList section */
	};
	rootObject = C209286F1D810EF100F741CE /* Project object */;
}
